
Microsoft Visual Studio Solution File, Format Version 12.00
# Visual Studio Version 17
VisualStudioVersion = 17.7.34031.279
MinimumVisualStudioVersion = 10.0.40219.1
Project("{8BC9CEB8-8B4A-11D0-8D11-00A0C91BC942}") = "0-1", "Proyecto.vcxproj", "{FA43ACBF-8FF1-4B3A-AB62-4E38122A3422}"
EndProject
Project("{8BC9CEB8-8B4A-11D0-8D11-00A0C91BC942}") = "0-2", "..\0-2\0-2.vcxproj", "{0ABB4E92-B19E-4E0A-9982-B4E3FB251712}"
EndProject
Project("{2150E333-8FDC-42A3-9474-1A3956D46DE8}") = "0", "0", "{FED6D691-C932-47CF-9CD0-8F73EE8CEC10}"
EndProject
Project("{2150E333-8FDC-42A3-9474-1A3956D46DE8}") = "1", "1", "{81FB6298-628F-4A80-AC47-76703F21F59E}"
EndProject
Project("{8BC9CEB8-8B4A-11D0-8D11-00A0C91BC942}") = "1-1", "..\1-1\1-1.vcxproj", "{F236FACC-356C-4332-9A81-5D497BA7AD0B}"
EndProject
Project("{2150E333-8FDC-42A3-9474-1A3956D46DE8}") = "Plantillas", "Plantillas", "{D2FE0EB7-4744-4A1C-A321-0DD23E66E4B7}"
	ProjectSection(SolutionItems) = preProject
		..\plantillas\PlantillaJuezCasosIlimitados.cpp = ..\plantillas\PlantillaJuezCasosIlimitados.cpp
		..\plantillas\PlantillaJuezCentinela.cpp = ..\plantillas\PlantillaJuezCentinela.cpp
		..\plantillas\PlantillaJuezNumeroCasos.cpp = ..\plantillas\PlantillaJuezNumeroCasos.cpp
	EndProjectSection
EndProject
Project("{8BC9CEB8-8B4A-11D0-8D11-00A0C91BC942}") = "0-3", "..\0-3\0-3.vcxproj", "{FE755D26-A030-42F0-A9D8-E3C7609462D2}"
EndProject
Project("{8BC9CEB8-8B4A-11D0-8D11-00A0C91BC942}") = "0-4", "..\0-4\0-4.vcxproj", "{E6BA2FF6-8BD7-4711-95CA-63E1563785C4}"
EndProject
Project("{8BC9CEB8-8B4A-11D0-8D11-00A0C91BC942}") = "0-5", "..\0-5\0-5.vcxproj", "{FF1F1DC2-D06C-4183-9001-71925398D5DB}"
EndProject
Project("{8BC9CEB8-8B4A-11D0-8D11-00A0C91BC942}") = "0-6", "..\0-6\0-6.vcxproj", "{AF9C38D2-177F-4BF3-897E-122A187765F9}"
EndProject
Project("{8BC9CEB8-8B4A-11D0-8D11-00A0C91BC942}") = "0-7", "..\0-7\0-7.vcxproj", "{262796C5-09BF-401E-888D-302B70B07F6D}"
EndProject
Project("{8BC9CEB8-8B4A-11D0-8D11-00A0C91BC942}") = "1-2", "..\1-2\1-2.vcxproj", "{DFE40240-83A3-4B65-A6CF-3AE82F9E6BAA}"
EndProject
Project("{8BC9CEB8-8B4A-11D0-8D11-00A0C91BC942}") = "1-3", "..\1-3\1-3.vcxproj", "{F95C485E-53B2-4B4D-801A-B8E86BC12BF2}"
EndProject
Project("{8BC9CEB8-8B4A-11D0-8D11-00A0C91BC942}") = "1-4", "..\1-4\1-4.vcxproj", "{20711BFE-6B83-4F15-9BAD-A025531D304E}"
EndProject
Project("{8BC9CEB8-8B4A-11D0-8D11-00A0C91BC942}") = "1-5", "..\1-5\1-5.vcxproj", "{09C3D605-708E-470C-95B5-DD48106423A1}"
EndProject
Project("{8BC9CEB8-8B4A-11D0-8D11-00A0C91BC942}") = "1-6", "..\1-6\1-6.vcxproj", "{5A717D0F-24C2-4C77-B31A-960096C35EF2}"
EndProject
Project("{8BC9CEB8-8B4A-11D0-8D11-00A0C91BC942}") = "1-7", "..\1-7\1-7.vcxproj", "{B04812F2-3198-4670-B63E-FF69F5EB8726}"
EndProject
Project("{2150E333-8FDC-42A3-9474-1A3956D46DE8}") = "2", "2", "{109F4E92-3E77-40B3-AD4F-31DCFE1B65D6}"
EndProject
Project("{8BC9CEB8-8B4A-11D0-8D11-00A0C91BC942}") = "2-1", "..\2-1\2-1.vcxproj", "{6ECDFB56-28AB-4A51-9BB3-52BE2068CA28}"
EndProject
Project("{8BC9CEB8-8B4A-11D0-8D11-00A0C91BC942}") = "2-2", "..\2-2\2-2.vcxproj", "{2E9FE05B-3B67-4AE3-876D-9A84F46E5B98}"
EndProject
Project("{8BC9CEB8-8B4A-11D0-8D11-00A0C91BC942}") = "2-3", "..\2-3\2-3.vcxproj", "{938A1590-CE9B-46E6-A49C-29FA6A17556F}"
EndProject
Project("{8BC9CEB8-8B4A-11D0-8D11-00A0C91BC942}") = "2-4", "..\2-4\2-4.vcxproj", "{A6DCCF42-9541-4C54-928C-4A417BB7E9E4}"
EndProject
Project("{8BC9CEB8-8B4A-11D0-8D11-00A0C91BC942}") = "2-5", "..\2-5\2-5.vcxproj", "{E51295AD-34E1-455A-A0A7-88E103498101}"
EndProject
Project("{2150E333-8FDC-42A3-9474-1A3956D46DE8}") = "2", "2", "{8198E2D2-ECB4-498B-9FD6-D73EAE172829}"
	ProjectSection(SolutionItems) = preProject
		..\plantillas\2\PlantillaBienSituado.cpp = ..\plantillas\2\PlantillaBienSituado.cpp
		..\plantillas\2\PlantillaCaucasicos.cpp = ..\plantillas\2\PlantillaCaucasicos.cpp
		..\plantillas\2\PlantillaCurvaConcava.cpp = ..\plantillas\2\PlantillaCurvaConcava.cpp
		..\plantillas\2\PlantillaElemPerdido.cpp = ..\plantillas\2\PlantillaElemPerdido.cpp
		..\plantillas\2\PlantillaParcialmenteOrdenado.cpp = ..\plantillas\2\PlantillaParcialmenteOrdenado.cpp
		..\plantillas\2\PlantillaSoloUnImpar.cpp = ..\plantillas\2\PlantillaSoloUnImpar.cpp
		..\plantillas\2\T2PlantillaFugaPrision.cpp = ..\plantillas\2\T2PlantillaFugaPrision.cpp
		..\plantillas\2\T2PlantillaRepsMenosUno.cpp = ..\plantillas\2\T2PlantillaRepsMenosUno.cpp
	EndProjectSection
EndProject
Project("{8BC9CEB8-8B4A-11D0-8D11-00A0C91BC942}") = "2-6", "..\2-6\2-6.vcxproj", "{421C84F1-60F4-4838-9579-C72016F75850}"
EndProject
Project("{8BC9CEB8-8B4A-11D0-8D11-00A0C91BC942}") = "2-7", "..\2-7\2-7.vcxproj", "{58F03D3D-D05C-4A88-A808-8E6C8F3BFE3E}"
EndProject
Project("{8BC9CEB8-8B4A-11D0-8D11-00A0C91BC942}") = "2-8", "..\2-8\2-8.vcxproj", "{500B58CF-0452-42D0-9D04-7786719F8B64}"
EndProject
Project("{8BC9CEB8-8B4A-11D0-8D11-00A0C91BC942}") = "2-9", "..\2-9\2-9.vcxproj", "{8879EB22-186A-4921-82DF-F492C19FBCC8}"
EndProject
Project("{8BC9CEB8-8B4A-11D0-8D11-00A0C91BC942}") = "2-10", "..\2-10\2-10.vcxproj", "{C6DEBB41-ADE0-4925-8DCB-EBC3411CBDA6}"
EndProject
Project("{8BC9CEB8-8B4A-11D0-8D11-00A0C91BC942}") = "2-11", "..\2-11\2-11.vcxproj", "{6AD0AAC9-9310-46EC-A3BC-761478479B1F}"
EndProject
Project("{8BC9CEB8-8B4A-11D0-8D11-00A0C91BC942}") = "2-12", "..\2-12\2-12.vcxproj", "{F08681BE-8B55-414D-AE61-B2C62B5B1979}"
EndProject
Project("{8BC9CEB8-8B4A-11D0-8D11-00A0C91BC942}") = "2-13", "..\2-14\2-14.vcxproj", "{9782B449-9AB0-451F-862E-8FA2121E8C3D}"
EndProject
Project("{2150E333-8FDC-42A3-9474-1A3956D46DE8}") = "4", "4", "{C5B139F9-7C55-4A70-98BA-3AE5E1C15D7F}"
EndProject
Project("{8BC9CEB8-8B4A-11D0-8D11-00A0C91BC942}") = "4-1", "..\4-1\4-1.vcxproj", "{23D58563-6292-4376-BC12-38A0E4B7BE25}"
EndProject
Project("{8BC9CEB8-8B4A-11D0-8D11-00A0C91BC942}") = "4-2", "..\4-2\4-2.vcxproj", "{9E34FE3A-5DAE-4428-BA9F-48A7743B9847}"
EndProject
Project("{8BC9CEB8-8B4A-11D0-8D11-00A0C91BC942}") = "4-3", "..\4-3\4-3.vcxproj", "{818A08D8-9D95-4D90-B057-6A51FFE2DD5A}"
EndProject
Project("{2150E333-8FDC-42A3-9474-1A3956D46DE8}") = "Clases", "Clases", "{32B238C9-76B6-48E1-B719-F350F91F548B}"
	ProjectSection(SolutionItems) = preProject
		..\clases\Date1A.cpp = ..\clases\Date1A.cpp
		..\clases\Date1A.h = ..\clases\Date1A.h
		..\clases\Date1B.cpp = ..\clases\Date1B.cpp
		..\clases\Date1B.h = ..\clases\Date1B.h
		..\clases\Date2.cpp = ..\clases\Date2.cpp
		..\clases\Date2.h = ..\clases\Date2.h
		..\clases\Date3.cpp = ..\clases\Date3.cpp
		..\clases\Date3.h = ..\clases\Date3.h
		..\clases\Date4.cpp = ..\clases\Date4.cpp
		..\clases\Date4.h = ..\clases\Date4.h
		..\clases\DateTests.cpp = ..\clases\DateTests.cpp
		..\clases\Set.h = ..\clases\Set.h
		..\clases\Set1.h = ..\clases\Set1.h
		..\clases\Set2.h = ..\clases\Set2.h
		..\clases\SetTests.cpp = ..\clases\SetTests.cpp
	EndProjectSection
EndProject
Project("{8BC9CEB8-8B4A-11D0-8D11-00A0C91BC942}") = "4-4", "..\4-4\4-4.vcxproj", "{3A25C0BC-5577-49A0-BB8A-0C83BAB806B8}"
EndProject
Project("{8BC9CEB8-8B4A-11D0-8D11-00A0C91BC942}") = "4-5", "..\4-5\4-5.vcxproj", "{B70D0597-F55B-42C6-9E0D-19D744189905}"
EndProject
Project("{8BC9CEB8-8B4A-11D0-8D11-00A0C91BC942}") = "4-6", "..\4-6\4-6.vcxproj", "{7D93106C-DDF3-4895-A01A-221AF2E7CA1E}"
EndProject
Project("{8BC9CEB8-8B4A-11D0-8D11-00A0C91BC942}") = "4-7", "..\4-7\4-7.vcxproj", "{5944B588-0426-439A-8107-8D3367F140B2}"
EndProject
Project("{8BC9CEB8-8B4A-11D0-8D11-00A0C91BC942}") = "4-8", "..\4-8\4-8.vcxproj", "{FEDB4F1A-661E-4FEA-920F-896FD26DD340}"
EndProject
Project("{2150E333-8FDC-42A3-9474-1A3956D46DE8}") = "5", "5", "{BC0F9679-4793-4E60-B499-75C797E9AB99}"
EndProject
Project("{8BC9CEB8-8B4A-11D0-8D11-00A0C91BC942}") = "5-1", "..\5-1\5-1.vcxproj", "{D24AAA28-B0CE-431C-BFC4-107625601DC8}"
EndProject
Project("{8BC9CEB8-8B4A-11D0-8D11-00A0C91BC942}") = "5-2", "..\5-2\5-2.vcxproj", "{BF010D0B-CB26-46DD-87A3-2D75B64D0B35}"
EndProject
Project("{8BC9CEB8-8B4A-11D0-8D11-00A0C91BC942}") = "5-3", "..\5-3\5-3.vcxproj", "{B2647A06-2D4E-4B6A-AF85-06003D00C09F}"
EndProject
Project("{8BC9CEB8-8B4A-11D0-8D11-00A0C91BC942}") = "5-4", "..\5-4\5-4.vcxproj", "{8C2E389E-2D78-4FC0-A9BA-CCA8573695CF}"
EndProject
Project("{8BC9CEB8-8B4A-11D0-8D11-00A0C91BC942}") = "5-5", "..\5-5\5-5.vcxproj", "{96934F33-9C7C-4408-B04A-3DF56F38870C}"
EndProject
Project("{2150E333-8FDC-42A3-9474-1A3956D46DE8}") = "5", "5", "{4BAB24DE-990D-44CB-8867-B96B844E3CFD}"
	ProjectSection(SolutionItems) = preProject
		..\plantillas\5\Plantilla Inclusion.cpp = ..\plantillas\5\Plantilla Inclusion.cpp
		..\plantillas\5\PlantillaCuela.cpp = ..\plantillas\5\PlantillaCuela.cpp
		..\plantillas\5\PlantillaDuplica.cpp = ..\plantillas\5\PlantillaDuplica.cpp
		..\plantillas\5\PlantillaInvertirSegmento.cpp = ..\plantillas\5\PlantillaInvertirSegmento.cpp
		..\plantillas\5\T5PlantillaAdelantarSegmento.cpp = ..\plantillas\5\T5PlantillaAdelantarSegmento.cpp
		..\plantillas\5\T5PlantillaDuplicaPila.cpp = ..\plantillas\5\T5PlantillaDuplicaPila.cpp
		..\plantillas\5\T5PlantillaRepetirElemsMult.cpp = ..\plantillas\5\T5PlantillaRepetirElemsMult.cpp
	EndProjectSection
EndProject
Project("{8BC9CEB8-8B4A-11D0-8D11-00A0C91BC942}") = "5-6", "..\5-6\5-6.vcxproj", "{13A78787-2515-4D1F-AD50-2D257D99AF4A}"
EndProject
Project("{8BC9CEB8-8B4A-11D0-8D11-00A0C91BC942}") = "5-10", "..\5-10\5-10.vcxproj", "{47CEABF2-5EE9-4221-A6D0-7B23B229EC2E}"
EndProject
Project("{8BC9CEB8-8B4A-11D0-8D11-00A0C91BC942}") = "5-7", "..\5-7\5-7.vcxproj", "{87125107-551F-446F-8FA4-FD2892F66853}"
EndProject
Project("{8BC9CEB8-8B4A-11D0-8D11-00A0C91BC942}") = "5-8", "..\5-8\5-8.vcxproj", "{51DD38DC-2C6A-4E64-8019-00763EC76527}"
EndProject
Project("{8BC9CEB8-8B4A-11D0-8D11-00A0C91BC942}") = "5-9", "..\5-9\5-9.vcxproj", "{822175E8-63CC-4A4D-8407-E90605B13D3A}"
EndProject
Project("{2150E333-8FDC-42A3-9474-1A3956D46DE8}") = "6", "6", "{C4BCEE34-1845-4161-955A-1F7F1483B8C7}"
EndProject
Project("{8BC9CEB8-8B4A-11D0-8D11-00A0C91BC942}") = "6-1", "..\6-1\6-1.vcxproj", "{85943C49-1215-4BC6-B590-BC28BB951DEF}"
EndProject
Project("{8BC9CEB8-8B4A-11D0-8D11-00A0C91BC942}") = "6-2", "..\6-2\6-2.vcxproj", "{DA360755-E207-4C54-A0BE-47F14621B96C}"
EndProject
Project("{8BC9CEB8-8B4A-11D0-8D11-00A0C91BC942}") = "6-3", "..\6-3\6-3.vcxproj", "{620066E7-2597-4B03-96ED-25268013BDAD}"
EndProject
Project("{2150E333-8FDC-42A3-9474-1A3956D46DE8}") = "6", "6", "{CB016EB0-68C0-49F4-BB70-B3C4EE1E2A02}"
	ProjectSection(SolutionItems) = preProject
		..\plantillas\6\PlantillaNodosHojasYAltura.cpp = ..\plantillas\6\PlantillaNodosHojasYAltura.cpp
		..\plantillas\6\PlantillaSingulares.cpp = ..\plantillas\6\PlantillaSingulares.cpp
		..\plantillas\6\PlantillaTramosNavegables.cpp = ..\plantillas\6\PlantillaTramosNavegables.cpp
		..\plantillas\6\PlantillaZurdos.cpp = ..\plantillas\6\PlantillaZurdos.cpp
		..\plantillas\6\T6PlantillaMinimo.cpp = ..\plantillas\6\T6PlantillaMinimo.cpp
	EndProjectSection
EndProject
Project("{8BC9CEB8-8B4A-11D0-8D11-00A0C91BC942}") = "6-4", "..\6-4\6-4.vcxproj", "{ED32E356-9A70-481E-912B-86F2FBD7BD8A}"
EndProject
Project("{8BC9CEB8-8B4A-11D0-8D11-00A0C91BC942}") = "6-5", "..\6-5\6-5.vcxproj", "{36BBDAB3-09E0-4B67-98F9-39C357002931}"
EndProject
Project("{8BC9CEB8-8B4A-11D0-8D11-00A0C91BC942}") = "6-6", "..\6-6\6-6.vcxproj", "{6B834793-D149-4FB0-83ED-D4F56A31F965}"
EndProject
Project("{8BC9CEB8-8B4A-11D0-8D11-00A0C91BC942}") = "6-7", "..\6-7\6-7.vcxproj", "{0DAF0BC9-10D2-465B-9F82-A7AE6EE92E7B}"
EndProject
Project("{8BC9CEB8-8B4A-11D0-8D11-00A0C91BC942}") = "6-8", "..\6-8\6-8.vcxproj", "{504A255F-206D-43C9-9A6C-4C517547E7A5}"
EndProject
Project("{8BC9CEB8-8B4A-11D0-8D11-00A0C91BC942}") = "6-9", "..\6-9\6-9.vcxproj", "{3ED0EBA1-7D96-4488-9EFB-11747030A448}"
EndProject
Project("{8BC9CEB8-8B4A-11D0-8D11-00A0C91BC942}") = "6-10", "..\6-10\6-10.vcxproj", "{74CBC408-569F-4077-B903-868C87D11279}"
EndProject
Project("{2150E333-8FDC-42A3-9474-1A3956D46DE8}") = "7", "7", "{75984CF0-8FA1-4CF7-B359-B06C6407EA9D}"
EndProject
Project("{8BC9CEB8-8B4A-11D0-8D11-00A0C91BC942}") = "7-1", "..\7-1\7-1.vcxproj", "{56B87488-2BBF-4D3D-9A7D-6A5141ADCEF8}"
EndProject
Project("{8BC9CEB8-8B4A-11D0-8D11-00A0C91BC942}") = "7-2", "..\7-2\7-2.vcxproj", "{2C74A38A-FE61-4665-888C-70CBAF02BF2E}"
EndProject
Project("{8BC9CEB8-8B4A-11D0-8D11-00A0C91BC942}") = "7-3", "..\7-3\7-3.vcxproj", "{A0FF179E-7AE0-4FDE-9E70-6A8FC6627F97}"
EndProject
Project("{8BC9CEB8-8B4A-11D0-8D11-00A0C91BC942}") = "7-4", "..\7-4\7-4.vcxproj", "{ABB7ABAD-F349-4330-B24B-7FC9DF2112A6}"
EndProject
Project("{2150E333-8FDC-42A3-9474-1A3956D46DE8}") = "7", "7", "{22510D5A-B319-4183-A8CA-6671DADD35C0}"
	ProjectSection(SolutionItems) = preProject
		..\plantillas\7\PlantillaRefsCruzadas.cpp = ..\plantillas\7\PlantillaRefsCruzadas.cpp
		..\plantillas\7\T7PlantillaActorMasVisto.cpp = ..\plantillas\7\T7PlantillaActorMasVisto.cpp
		..\plantillas\7\T7PlantillaActualizacionDiccionario.cpp = ..\plantillas\7\T7PlantillaActualizacionDiccionario.cpp
		..\plantillas\7\T7PlantillaConcursoProgramacion.cpp = ..\plantillas\7\T7PlantillaConcursoProgramacion.cpp
		..\plantillas\7\T7PlantillaEligiendoDeporte.cpp = ..\plantillas\7\T7PlantillaEligiendoDeporte.cpp
	EndProjectSection
EndProject
Project("{8BC9CEB8-8B4A-11D0-8D11-00A0C91BC942}") = "7-5", "..\7-5\7-5.vcxproj", "{B428AA6F-5C5D-4605-A8A7-1A3125F8C55D}"
EndProject
Project("{8BC9CEB8-8B4A-11D0-8D11-00A0C91BC942}") = "7-6", "..\7-6\7-6.vcxproj", "{624A753F-BE9F-4CA8-9E7E-D6A5E7A027C7}"
EndProject
Project("{2150E333-8FDC-42A3-9474-1A3956D46DE8}") = "8", "8", "{BD637E3B-FDAD-4811-8E0F-5130E095A83D}"
EndProject
Project("{8BC9CEB8-8B4A-11D0-8D11-00A0C91BC942}") = "8-1", "..\8-1\8-1.vcxproj", "{865A1ADA-9996-401B-9F94-67F4D8D2D5D3}"
EndProject
Project("{8BC9CEB8-8B4A-11D0-8D11-00A0C91BC942}") = "8-2", "..\8-2\8-2.vcxproj", "{E23519BC-BBED-4E46-8693-976CE0C9B837}"
EndProject
Project("{8BC9CEB8-8B4A-11D0-8D11-00A0C91BC942}") = "8-3", "..\8-3\8-3.vcxproj", "{D560B9C8-65FF-458B-8745-FBA776F23743}"
EndProject
Project("{8BC9CEB8-8B4A-11D0-8D11-00A0C91BC942}") = "8-4", "..\8-4\8-4.vcxproj", "{CE3402E8-8B19-47B5-81C0-4D841356AC2B}"
EndProject
Project("{8BC9CEB8-8B4A-11D0-8D11-00A0C91BC942}") = "8-5", "..\8-5\8-5.vcxproj", "{CBD283F7-B643-4B25-9CBA-EFCB28879855}"
EndProject
Project("{8BC9CEB8-8B4A-11D0-8D11-00A0C91BC942}") = "8-6", "..\8-6\8-6.vcxproj", "{A750E955-AE6A-4CFB-A65D-A3AFF6719C74}"
EndProject
Project("{8BC9CEB8-8B4A-11D0-8D11-00A0C91BC942}") = "8-7", "..\8-7\8-7.vcxproj", "{66686188-9DBA-4BF4-81A3-AA7213E8939E}"
EndProject
Project("{8BC9CEB8-8B4A-11D0-8D11-00A0C91BC942}") = "8-8", "..\8-8\8-8.vcxproj", "{86686892-64BA-4B3E-8F91-D76B68F5BA9F}"
EndProject
Project("{8BC9CEB8-8B4A-11D0-8D11-00A0C91BC942}") = "8-9", "..\8-9\8-9.vcxproj", "{3A5E8949-1EA2-4C4B-BE12-83A9AC0B04EC}"
EndProject
Project("{2150E333-8FDC-42A3-9474-1A3956D46DE8}") = "3", "3", "{3070D22C-16FC-48B1-97DD-60129EC5D793}"
EndProject
Project("{8BC9CEB8-8B4A-11D0-8D11-00A0C91BC942}") = "3-1", "..\3-1\3-1.vcxproj", "{9139E4E3-F284-4692-A85A-F1C56573D90D}"
EndProject
Project("{8BC9CEB8-8B4A-11D0-8D11-00A0C91BC942}") = "3-2", "..\3-2\3-2.vcxproj", "{0DC9167C-7912-43F0-A018-F68ACF54B383}"
EndProject
Project("{8BC9CEB8-8B4A-11D0-8D11-00A0C91BC942}") = "3-3", "..\3-3\3-3.vcxproj", "{5E67C5D6-D6B7-4D58-BC00-079D896B9FE2}"
EndProject
Project("{8BC9CEB8-8B4A-11D0-8D11-00A0C91BC942}") = "3-4", "..\3-4\3-4.vcxproj", "{3EE83DC1-B1D0-4DB6-9558-9C672731CDB0}"
EndProject
Project("{8BC9CEB8-8B4A-11D0-8D11-00A0C91BC942}") = "3-5", "..\3-5\3-5.vcxproj", "{17D78C81-BD09-4453-AC4A-B9E6B9B0E6EC}"
EndProject
Project("{8BC9CEB8-8B4A-11D0-8D11-00A0C91BC942}") = "3-6", "..\3-6\3-6.vcxproj", "{2E47B7A8-2929-4CAD-9072-51FF1FABD623}"
EndProject
Project("{8BC9CEB8-8B4A-11D0-8D11-00A0C91BC942}") = "3-7", "..\3-7\3-7.vcxproj", "{FBFCDFE0-8F5A-458B-AAB7-937E8F1B2ADD}"
EndProject
Project("{8BC9CEB8-8B4A-11D0-8D11-00A0C91BC942}") = "3-8", "..\3-8\3-8.vcxproj", "{865BA8B5-85DE-4133-B04D-3D044865C8DC}"
EndProject
Project("{8BC9CEB8-8B4A-11D0-8D11-00A0C91BC942}") = "3-9", "..\3-9\3-9.vcxproj", "{CAECE0E3-B119-4316-8FE6-85BB33BDFB54}"
EndProject
Project("{8BC9CEB8-8B4A-11D0-8D11-00A0C91BC942}") = "3-10", "..\3-10\3-10.vcxproj", "{AC01B58A-330C-453A-A607-98EDB37D25FF}"
EndProject
Project("{8BC9CEB8-8B4A-11D0-8D11-00A0C91BC942}") = "3-11", "..\3-11\3-11.vcxproj", "{B7DFFF2C-E6CA-4A19-AF9B-64EE94B9A82E}"
EndProject
Project("{8BC9CEB8-8B4A-11D0-8D11-00A0C91BC942}") = "3-12", "..\3-12\3-12.vcxproj", "{8B936981-DE4F-47AF-94C0-9629255F7B31}"
EndProject
Project("{8BC9CEB8-8B4A-11D0-8D11-00A0C91BC942}") = "3-13", "..\3-13\3-13.vcxproj", "{EFFB003B-7FD4-4BC9-B5E5-A8BDE6E5088D}"
EndProject
Project("{8BC9CEB8-8B4A-11D0-8D11-00A0C91BC942}") = "3-14", "..\3-14\3-14.vcxproj", "{00C59BB8-D184-4359-AC99-9BBDEC493435}"
EndProject
Project("{8BC9CEB8-8B4A-11D0-8D11-00A0C91BC942}") = "3-15", "..\3-15\3-15.vcxproj", "{A12567A1-55D9-4C36-B47D-38F4E451D2CE}"
EndProject
Project("{8BC9CEB8-8B4A-11D0-8D11-00A0C91BC942}") = "3-16", "..\3-16\3-16.vcxproj", "{94AE14D5-42E5-495A-A5F7-1BCB36DF3029}"
EndProject
Project("{8BC9CEB8-8B4A-11D0-8D11-00A0C91BC942}") = "3-17", "..\3-17\3-17.vcxproj", "{0E287B86-440F-4374-AD02-DF5A023FCA87}"
EndProject
Project("{2150E333-8FDC-42A3-9474-1A3956D46DE8}") = "3", "3", "{15467F52-1FA6-4ED5-A37E-366881810EB2}"
	ProjectSection(SolutionItems) = preProject
		..\plantillas\3\PlantillaCalderilla.cpp = ..\plantillas\3\PlantillaCalderilla.cpp
		..\plantillas\3\PlantillaCasanova.cpp = ..\plantillas\3\PlantillaCasanova.cpp
		..\plantillas\3\PlantillaConcierto.cpp = ..\plantillas\3\PlantillaConcierto.cpp
		..\plantillas\3\PlantillaFormasSumar.cpp = ..\plantillas\3\PlantillaFormasSumar.cpp
		..\plantillas\3\PlantillaLucesNavidad.cpp = ..\plantillas\3\PlantillaLucesNavidad.cpp
		..\plantillas\3\PlantillaSupermercado.cpp = ..\plantillas\3\PlantillaSupermercado.cpp
		..\plantillas\3\T3PlantillaTareasAlumnos.cpp = ..\plantillas\3\T3PlantillaTareasAlumnos.cpp
	EndProjectSection
EndProject
Project("{8BC9CEB8-8B4A-11D0-8D11-00A0C91BC942}") = "E24-2", "..\E24-2\E24-2.vcxproj", "{E566BE4E-9B55-4784-924C-EE2606EE559D}"
EndProject
Project("{2150E333-8FDC-42A3-9474-1A3956D46DE8}") = "Enero 2024", "Enero 2024", "{02EA681E-C7D8-13C7-8484-4AC65E1B71E8}"
EndProject
Project("{2150E333-8FDC-42A3-9474-1A3956D46DE8}") = "Examenes", "Examenes", "{4A181E74-DDB5-43B1-A139-23C727CB0703}"
EndProject
Project("{2150E333-8FDC-42A3-9474-1A3956D46DE8}") = "Enero 2025", "Enero 2025", "{8B92B91A-8A23-4E0A-A127-09F34686E7EE}"
EndProject
Project("{8BC9CEB8-8B4A-11D0-8D11-00A0C91BC942}") = "E24-1", "..\E24-1\E24-1.vcxproj", "{FBC5B62C-90F2-4F43-A9E0-01128CE5CECE}"
EndProject
Project("{8BC9CEB8-8B4A-11D0-8D11-00A0C91BC942}") = "E24-3", "..\E24-3\E24-3.vcxproj", "{2B57FD49-2BCE-4E31-8157-059BCD1A3CC3}"
EndProject
Project("{8BC9CEB8-8B4A-11D0-8D11-00A0C91BC942}") = "E25-1", "..\E25-1\E25-1.vcxproj", "{5040DA30-0D23-452F-A219-63286A798F06}"
EndProject
Project("{8BC9CEB8-8B4A-11D0-8D11-00A0C91BC942}") = "E25-2", "..\E25-2\E25-2.vcxproj", "{09B33B22-B839-4044-896C-A36597091F74}"
EndProject
Project("{8BC9CEB8-8B4A-11D0-8D11-00A0C91BC942}") = "E25-3", "..\E25-3\E25-3.vcxproj", "{A78267B8-1A3D-4C6E-AD20-E9B3AB9F43F6}"
EndProject
Project("{2150E333-8FDC-42A3-9474-1A3956D46DE8}") = "Temario", "Temario", "{3E4C0B59-2A92-4DCA-A8B2-AA59DBE1D869}"
EndProject
Global
	GlobalSection(SolutionConfigurationPlatforms) = preSolution
		Debug|x64 = Debug|x64
		Debug|x86 = Debug|x86
		Release|x64 = Release|x64
		Release|x86 = Release|x86
	EndGlobalSection
	GlobalSection(ProjectConfigurationPlatforms) = postSolution
		{FA43ACBF-8FF1-4B3A-AB62-4E38122A3422}.Debug|x64.ActiveCfg = Debug|x64
		{FA43ACBF-8FF1-4B3A-AB62-4E38122A3422}.Debug|x64.Build.0 = Debug|x64
		{FA43ACBF-8FF1-4B3A-AB62-4E38122A3422}.Debug|x86.ActiveCfg = Debug|Win32
		{FA43ACBF-8FF1-4B3A-AB62-4E38122A3422}.Debug|x86.Build.0 = Debug|Win32
		{FA43ACBF-8FF1-4B3A-AB62-4E38122A3422}.Release|x64.ActiveCfg = Release|x64
		{FA43ACBF-8FF1-4B3A-AB62-4E38122A3422}.Release|x64.Build.0 = Release|x64
		{FA43ACBF-8FF1-4B3A-AB62-4E38122A3422}.Release|x86.ActiveCfg = Release|Win32
		{FA43ACBF-8FF1-4B3A-AB62-4E38122A3422}.Release|x86.Build.0 = Release|Win32
		{0ABB4E92-B19E-4E0A-9982-B4E3FB251712}.Debug|x64.ActiveCfg = Debug|x64
		{0ABB4E92-B19E-4E0A-9982-B4E3FB251712}.Debug|x64.Build.0 = Debug|x64
		{0ABB4E92-B19E-4E0A-9982-B4E3FB251712}.Debug|x86.ActiveCfg = Debug|Win32
		{0ABB4E92-B19E-4E0A-9982-B4E3FB251712}.Debug|x86.Build.0 = Debug|Win32
		{0ABB4E92-B19E-4E0A-9982-B4E3FB251712}.Release|x64.ActiveCfg = Release|x64
		{0ABB4E92-B19E-4E0A-9982-B4E3FB251712}.Release|x64.Build.0 = Release|x64
		{0ABB4E92-B19E-4E0A-9982-B4E3FB251712}.Release|x86.ActiveCfg = Release|Win32
		{0ABB4E92-B19E-4E0A-9982-B4E3FB251712}.Release|x86.Build.0 = Release|Win32
		{F236FACC-356C-4332-9A81-5D497BA7AD0B}.Debug|x64.ActiveCfg = Debug|x64
		{F236FACC-356C-4332-9A81-5D497BA7AD0B}.Debug|x64.Build.0 = Debug|x64
		{F236FACC-356C-4332-9A81-5D497BA7AD0B}.Debug|x86.ActiveCfg = Debug|Win32
		{F236FACC-356C-4332-9A81-5D497BA7AD0B}.Debug|x86.Build.0 = Debug|Win32
		{F236FACC-356C-4332-9A81-5D497BA7AD0B}.Release|x64.ActiveCfg = Release|x64
		{F236FACC-356C-4332-9A81-5D497BA7AD0B}.Release|x64.Build.0 = Release|x64
		{F236FACC-356C-4332-9A81-5D497BA7AD0B}.Release|x86.ActiveCfg = Release|Win32
		{F236FACC-356C-4332-9A81-5D497BA7AD0B}.Release|x86.Build.0 = Release|Win32
		{FE755D26-A030-42F0-A9D8-E3C7609462D2}.Debug|x64.ActiveCfg = Debug|x64
		{FE755D26-A030-42F0-A9D8-E3C7609462D2}.Debug|x64.Build.0 = Debug|x64
		{FE755D26-A030-42F0-A9D8-E3C7609462D2}.Debug|x86.ActiveCfg = Debug|Win32
		{FE755D26-A030-42F0-A9D8-E3C7609462D2}.Debug|x86.Build.0 = Debug|Win32
		{FE755D26-A030-42F0-A9D8-E3C7609462D2}.Release|x64.ActiveCfg = Release|x64
		{FE755D26-A030-42F0-A9D8-E3C7609462D2}.Release|x64.Build.0 = Release|x64
		{FE755D26-A030-42F0-A9D8-E3C7609462D2}.Release|x86.ActiveCfg = Release|Win32
		{FE755D26-A030-42F0-A9D8-E3C7609462D2}.Release|x86.Build.0 = Release|Win32
		{E6BA2FF6-8BD7-4711-95CA-63E1563785C4}.Debug|x64.ActiveCfg = Debug|x64
		{E6BA2FF6-8BD7-4711-95CA-63E1563785C4}.Debug|x64.Build.0 = Debug|x64
		{E6BA2FF6-8BD7-4711-95CA-63E1563785C4}.Debug|x86.ActiveCfg = Debug|Win32
		{E6BA2FF6-8BD7-4711-95CA-63E1563785C4}.Debug|x86.Build.0 = Debug|Win32
		{E6BA2FF6-8BD7-4711-95CA-63E1563785C4}.Release|x64.ActiveCfg = Release|x64
		{E6BA2FF6-8BD7-4711-95CA-63E1563785C4}.Release|x64.Build.0 = Release|x64
		{E6BA2FF6-8BD7-4711-95CA-63E1563785C4}.Release|x86.ActiveCfg = Release|Win32
		{E6BA2FF6-8BD7-4711-95CA-63E1563785C4}.Release|x86.Build.0 = Release|Win32
		{FF1F1DC2-D06C-4183-9001-71925398D5DB}.Debug|x64.ActiveCfg = Debug|x64
		{FF1F1DC2-D06C-4183-9001-71925398D5DB}.Debug|x64.Build.0 = Debug|x64
		{FF1F1DC2-D06C-4183-9001-71925398D5DB}.Debug|x86.ActiveCfg = Debug|Win32
		{FF1F1DC2-D06C-4183-9001-71925398D5DB}.Debug|x86.Build.0 = Debug|Win32
		{FF1F1DC2-D06C-4183-9001-71925398D5DB}.Release|x64.ActiveCfg = Release|x64
		{FF1F1DC2-D06C-4183-9001-71925398D5DB}.Release|x64.Build.0 = Release|x64
		{FF1F1DC2-D06C-4183-9001-71925398D5DB}.Release|x86.ActiveCfg = Release|Win32
		{FF1F1DC2-D06C-4183-9001-71925398D5DB}.Release|x86.Build.0 = Release|Win32
		{AF9C38D2-177F-4BF3-897E-122A187765F9}.Debug|x64.ActiveCfg = Debug|x64
		{AF9C38D2-177F-4BF3-897E-122A187765F9}.Debug|x64.Build.0 = Debug|x64
		{AF9C38D2-177F-4BF3-897E-122A187765F9}.Debug|x86.ActiveCfg = Debug|Win32
		{AF9C38D2-177F-4BF3-897E-122A187765F9}.Debug|x86.Build.0 = Debug|Win32
		{AF9C38D2-177F-4BF3-897E-122A187765F9}.Release|x64.ActiveCfg = Release|x64
		{AF9C38D2-177F-4BF3-897E-122A187765F9}.Release|x64.Build.0 = Release|x64
		{AF9C38D2-177F-4BF3-897E-122A187765F9}.Release|x86.ActiveCfg = Release|Win32
		{AF9C38D2-177F-4BF3-897E-122A187765F9}.Release|x86.Build.0 = Release|Win32
		{262796C5-09BF-401E-888D-302B70B07F6D}.Debug|x64.ActiveCfg = Debug|x64
		{262796C5-09BF-401E-888D-302B70B07F6D}.Debug|x64.Build.0 = Debug|x64
		{262796C5-09BF-401E-888D-302B70B07F6D}.Debug|x86.ActiveCfg = Debug|Win32
		{262796C5-09BF-401E-888D-302B70B07F6D}.Debug|x86.Build.0 = Debug|Win32
		{262796C5-09BF-401E-888D-302B70B07F6D}.Release|x64.ActiveCfg = Release|x64
		{262796C5-09BF-401E-888D-302B70B07F6D}.Release|x64.Build.0 = Release|x64
		{262796C5-09BF-401E-888D-302B70B07F6D}.Release|x86.ActiveCfg = Release|Win32
		{262796C5-09BF-401E-888D-302B70B07F6D}.Release|x86.Build.0 = Release|Win32
		{DFE40240-83A3-4B65-A6CF-3AE82F9E6BAA}.Debug|x64.ActiveCfg = Debug|x64
		{DFE40240-83A3-4B65-A6CF-3AE82F9E6BAA}.Debug|x64.Build.0 = Debug|x64
		{DFE40240-83A3-4B65-A6CF-3AE82F9E6BAA}.Debug|x86.ActiveCfg = Debug|Win32
		{DFE40240-83A3-4B65-A6CF-3AE82F9E6BAA}.Debug|x86.Build.0 = Debug|Win32
		{DFE40240-83A3-4B65-A6CF-3AE82F9E6BAA}.Release|x64.ActiveCfg = Release|x64
		{DFE40240-83A3-4B65-A6CF-3AE82F9E6BAA}.Release|x64.Build.0 = Release|x64
		{DFE40240-83A3-4B65-A6CF-3AE82F9E6BAA}.Release|x86.ActiveCfg = Release|Win32
		{DFE40240-83A3-4B65-A6CF-3AE82F9E6BAA}.Release|x86.Build.0 = Release|Win32
		{F95C485E-53B2-4B4D-801A-B8E86BC12BF2}.Debug|x64.ActiveCfg = Debug|x64
		{F95C485E-53B2-4B4D-801A-B8E86BC12BF2}.Debug|x64.Build.0 = Debug|x64
		{F95C485E-53B2-4B4D-801A-B8E86BC12BF2}.Debug|x86.ActiveCfg = Debug|Win32
		{F95C485E-53B2-4B4D-801A-B8E86BC12BF2}.Debug|x86.Build.0 = Debug|Win32
		{F95C485E-53B2-4B4D-801A-B8E86BC12BF2}.Release|x64.ActiveCfg = Release|x64
		{F95C485E-53B2-4B4D-801A-B8E86BC12BF2}.Release|x64.Build.0 = Release|x64
		{F95C485E-53B2-4B4D-801A-B8E86BC12BF2}.Release|x86.ActiveCfg = Release|Win32
		{F95C485E-53B2-4B4D-801A-B8E86BC12BF2}.Release|x86.Build.0 = Release|Win32
		{20711BFE-6B83-4F15-9BAD-A025531D304E}.Debug|x64.ActiveCfg = Debug|x64
		{20711BFE-6B83-4F15-9BAD-A025531D304E}.Debug|x64.Build.0 = Debug|x64
		{20711BFE-6B83-4F15-9BAD-A025531D304E}.Debug|x86.ActiveCfg = Debug|Win32
		{20711BFE-6B83-4F15-9BAD-A025531D304E}.Debug|x86.Build.0 = Debug|Win32
		{20711BFE-6B83-4F15-9BAD-A025531D304E}.Release|x64.ActiveCfg = Release|x64
		{20711BFE-6B83-4F15-9BAD-A025531D304E}.Release|x64.Build.0 = Release|x64
		{20711BFE-6B83-4F15-9BAD-A025531D304E}.Release|x86.ActiveCfg = Release|Win32
		{20711BFE-6B83-4F15-9BAD-A025531D304E}.Release|x86.Build.0 = Release|Win32
		{09C3D605-708E-470C-95B5-DD48106423A1}.Debug|x64.ActiveCfg = Debug|x64
		{09C3D605-708E-470C-95B5-DD48106423A1}.Debug|x64.Build.0 = Debug|x64
		{09C3D605-708E-470C-95B5-DD48106423A1}.Debug|x86.ActiveCfg = Debug|Win32
		{09C3D605-708E-470C-95B5-DD48106423A1}.Debug|x86.Build.0 = Debug|Win32
		{09C3D605-708E-470C-95B5-DD48106423A1}.Release|x64.ActiveCfg = Release|x64
		{09C3D605-708E-470C-95B5-DD48106423A1}.Release|x64.Build.0 = Release|x64
		{09C3D605-708E-470C-95B5-DD48106423A1}.Release|x86.ActiveCfg = Release|Win32
		{09C3D605-708E-470C-95B5-DD48106423A1}.Release|x86.Build.0 = Release|Win32
		{5A717D0F-24C2-4C77-B31A-960096C35EF2}.Debug|x64.ActiveCfg = Debug|x64
		{5A717D0F-24C2-4C77-B31A-960096C35EF2}.Debug|x64.Build.0 = Debug|x64
		{5A717D0F-24C2-4C77-B31A-960096C35EF2}.Debug|x86.ActiveCfg = Debug|Win32
		{5A717D0F-24C2-4C77-B31A-960096C35EF2}.Debug|x86.Build.0 = Debug|Win32
		{5A717D0F-24C2-4C77-B31A-960096C35EF2}.Release|x64.ActiveCfg = Release|x64
		{5A717D0F-24C2-4C77-B31A-960096C35EF2}.Release|x64.Build.0 = Release|x64
		{5A717D0F-24C2-4C77-B31A-960096C35EF2}.Release|x86.ActiveCfg = Release|Win32
		{5A717D0F-24C2-4C77-B31A-960096C35EF2}.Release|x86.Build.0 = Release|Win32
		{B04812F2-3198-4670-B63E-FF69F5EB8726}.Debug|x64.ActiveCfg = Debug|x64
		{B04812F2-3198-4670-B63E-FF69F5EB8726}.Debug|x64.Build.0 = Debug|x64
		{B04812F2-3198-4670-B63E-FF69F5EB8726}.Debug|x86.ActiveCfg = Debug|Win32
		{B04812F2-3198-4670-B63E-FF69F5EB8726}.Debug|x86.Build.0 = Debug|Win32
		{B04812F2-3198-4670-B63E-FF69F5EB8726}.Release|x64.ActiveCfg = Release|x64
		{B04812F2-3198-4670-B63E-FF69F5EB8726}.Release|x64.Build.0 = Release|x64
		{B04812F2-3198-4670-B63E-FF69F5EB8726}.Release|x86.ActiveCfg = Release|Win32
		{B04812F2-3198-4670-B63E-FF69F5EB8726}.Release|x86.Build.0 = Release|Win32
		{6ECDFB56-28AB-4A51-9BB3-52BE2068CA28}.Debug|x64.ActiveCfg = Debug|x64
		{6ECDFB56-28AB-4A51-9BB3-52BE2068CA28}.Debug|x64.Build.0 = Debug|x64
		{6ECDFB56-28AB-4A51-9BB3-52BE2068CA28}.Debug|x86.ActiveCfg = Debug|Win32
		{6ECDFB56-28AB-4A51-9BB3-52BE2068CA28}.Debug|x86.Build.0 = Debug|Win32
		{6ECDFB56-28AB-4A51-9BB3-52BE2068CA28}.Release|x64.ActiveCfg = Release|x64
		{6ECDFB56-28AB-4A51-9BB3-52BE2068CA28}.Release|x64.Build.0 = Release|x64
		{6ECDFB56-28AB-4A51-9BB3-52BE2068CA28}.Release|x86.ActiveCfg = Release|Win32
		{6ECDFB56-28AB-4A51-9BB3-52BE2068CA28}.Release|x86.Build.0 = Release|Win32
		{2E9FE05B-3B67-4AE3-876D-9A84F46E5B98}.Debug|x64.ActiveCfg = Debug|x64
		{2E9FE05B-3B67-4AE3-876D-9A84F46E5B98}.Debug|x64.Build.0 = Debug|x64
		{2E9FE05B-3B67-4AE3-876D-9A84F46E5B98}.Debug|x86.ActiveCfg = Debug|Win32
		{2E9FE05B-3B67-4AE3-876D-9A84F46E5B98}.Debug|x86.Build.0 = Debug|Win32
		{2E9FE05B-3B67-4AE3-876D-9A84F46E5B98}.Release|x64.ActiveCfg = Release|x64
		{2E9FE05B-3B67-4AE3-876D-9A84F46E5B98}.Release|x64.Build.0 = Release|x64
		{2E9FE05B-3B67-4AE3-876D-9A84F46E5B98}.Release|x86.ActiveCfg = Release|Win32
		{2E9FE05B-3B67-4AE3-876D-9A84F46E5B98}.Release|x86.Build.0 = Release|Win32
		{938A1590-CE9B-46E6-A49C-29FA6A17556F}.Debug|x64.ActiveCfg = Debug|x64
		{938A1590-CE9B-46E6-A49C-29FA6A17556F}.Debug|x64.Build.0 = Debug|x64
		{938A1590-CE9B-46E6-A49C-29FA6A17556F}.Debug|x86.ActiveCfg = Debug|Win32
		{938A1590-CE9B-46E6-A49C-29FA6A17556F}.Debug|x86.Build.0 = Debug|Win32
		{938A1590-CE9B-46E6-A49C-29FA6A17556F}.Release|x64.ActiveCfg = Release|x64
		{938A1590-CE9B-46E6-A49C-29FA6A17556F}.Release|x64.Build.0 = Release|x64
		{938A1590-CE9B-46E6-A49C-29FA6A17556F}.Release|x86.ActiveCfg = Release|Win32
		{938A1590-CE9B-46E6-A49C-29FA6A17556F}.Release|x86.Build.0 = Release|Win32
		{A6DCCF42-9541-4C54-928C-4A417BB7E9E4}.Debug|x64.ActiveCfg = Debug|x64
		{A6DCCF42-9541-4C54-928C-4A417BB7E9E4}.Debug|x64.Build.0 = Debug|x64
		{A6DCCF42-9541-4C54-928C-4A417BB7E9E4}.Debug|x86.ActiveCfg = Debug|Win32
		{A6DCCF42-9541-4C54-928C-4A417BB7E9E4}.Debug|x86.Build.0 = Debug|Win32
		{A6DCCF42-9541-4C54-928C-4A417BB7E9E4}.Release|x64.ActiveCfg = Release|x64
		{A6DCCF42-9541-4C54-928C-4A417BB7E9E4}.Release|x64.Build.0 = Release|x64
		{A6DCCF42-9541-4C54-928C-4A417BB7E9E4}.Release|x86.ActiveCfg = Release|Win32
		{A6DCCF42-9541-4C54-928C-4A417BB7E9E4}.Release|x86.Build.0 = Release|Win32
		{E51295AD-34E1-455A-A0A7-88E103498101}.Debug|x64.ActiveCfg = Debug|x64
		{E51295AD-34E1-455A-A0A7-88E103498101}.Debug|x64.Build.0 = Debug|x64
		{E51295AD-34E1-455A-A0A7-88E103498101}.Debug|x86.ActiveCfg = Debug|Win32
		{E51295AD-34E1-455A-A0A7-88E103498101}.Debug|x86.Build.0 = Debug|Win32
		{E51295AD-34E1-455A-A0A7-88E103498101}.Release|x64.ActiveCfg = Release|x64
		{E51295AD-34E1-455A-A0A7-88E103498101}.Release|x64.Build.0 = Release|x64
		{E51295AD-34E1-455A-A0A7-88E103498101}.Release|x86.ActiveCfg = Release|Win32
		{E51295AD-34E1-455A-A0A7-88E103498101}.Release|x86.Build.0 = Release|Win32
		{421C84F1-60F4-4838-9579-C72016F75850}.Debug|x64.ActiveCfg = Debug|x64
		{421C84F1-60F4-4838-9579-C72016F75850}.Debug|x64.Build.0 = Debug|x64
		{421C84F1-60F4-4838-9579-C72016F75850}.Debug|x86.ActiveCfg = Debug|Win32
		{421C84F1-60F4-4838-9579-C72016F75850}.Debug|x86.Build.0 = Debug|Win32
		{421C84F1-60F4-4838-9579-C72016F75850}.Release|x64.ActiveCfg = Release|x64
		{421C84F1-60F4-4838-9579-C72016F75850}.Release|x64.Build.0 = Release|x64
		{421C84F1-60F4-4838-9579-C72016F75850}.Release|x86.ActiveCfg = Release|Win32
		{421C84F1-60F4-4838-9579-C72016F75850}.Release|x86.Build.0 = Release|Win32
		{58F03D3D-D05C-4A88-A808-8E6C8F3BFE3E}.Debug|x64.ActiveCfg = Debug|x64
		{58F03D3D-D05C-4A88-A808-8E6C8F3BFE3E}.Debug|x64.Build.0 = Debug|x64
		{58F03D3D-D05C-4A88-A808-8E6C8F3BFE3E}.Debug|x86.ActiveCfg = Debug|Win32
		{58F03D3D-D05C-4A88-A808-8E6C8F3BFE3E}.Debug|x86.Build.0 = Debug|Win32
		{58F03D3D-D05C-4A88-A808-8E6C8F3BFE3E}.Release|x64.ActiveCfg = Release|x64
		{58F03D3D-D05C-4A88-A808-8E6C8F3BFE3E}.Release|x64.Build.0 = Release|x64
		{58F03D3D-D05C-4A88-A808-8E6C8F3BFE3E}.Release|x86.ActiveCfg = Release|Win32
		{58F03D3D-D05C-4A88-A808-8E6C8F3BFE3E}.Release|x86.Build.0 = Release|Win32
		{500B58CF-0452-42D0-9D04-7786719F8B64}.Debug|x64.ActiveCfg = Debug|x64
		{500B58CF-0452-42D0-9D04-7786719F8B64}.Debug|x64.Build.0 = Debug|x64
		{500B58CF-0452-42D0-9D04-7786719F8B64}.Debug|x86.ActiveCfg = Debug|Win32
		{500B58CF-0452-42D0-9D04-7786719F8B64}.Debug|x86.Build.0 = Debug|Win32
		{500B58CF-0452-42D0-9D04-7786719F8B64}.Release|x64.ActiveCfg = Release|x64
		{500B58CF-0452-42D0-9D04-7786719F8B64}.Release|x64.Build.0 = Release|x64
		{500B58CF-0452-42D0-9D04-7786719F8B64}.Release|x86.ActiveCfg = Release|Win32
		{500B58CF-0452-42D0-9D04-7786719F8B64}.Release|x86.Build.0 = Release|Win32
		{8879EB22-186A-4921-82DF-F492C19FBCC8}.Debug|x64.ActiveCfg = Debug|x64
		{8879EB22-186A-4921-82DF-F492C19FBCC8}.Debug|x64.Build.0 = Debug|x64
		{8879EB22-186A-4921-82DF-F492C19FBCC8}.Debug|x86.ActiveCfg = Debug|Win32
		{8879EB22-186A-4921-82DF-F492C19FBCC8}.Debug|x86.Build.0 = Debug|Win32
		{8879EB22-186A-4921-82DF-F492C19FBCC8}.Release|x64.ActiveCfg = Release|x64
		{8879EB22-186A-4921-82DF-F492C19FBCC8}.Release|x64.Build.0 = Release|x64
		{8879EB22-186A-4921-82DF-F492C19FBCC8}.Release|x86.ActiveCfg = Release|Win32
		{8879EB22-186A-4921-82DF-F492C19FBCC8}.Release|x86.Build.0 = Release|Win32
		{C6DEBB41-ADE0-4925-8DCB-EBC3411CBDA6}.Debug|x64.ActiveCfg = Debug|x64
		{C6DEBB41-ADE0-4925-8DCB-EBC3411CBDA6}.Debug|x64.Build.0 = Debug|x64
		{C6DEBB41-ADE0-4925-8DCB-EBC3411CBDA6}.Debug|x86.ActiveCfg = Debug|Win32
		{C6DEBB41-ADE0-4925-8DCB-EBC3411CBDA6}.Debug|x86.Build.0 = Debug|Win32
		{C6DEBB41-ADE0-4925-8DCB-EBC3411CBDA6}.Release|x64.ActiveCfg = Release|x64
		{C6DEBB41-ADE0-4925-8DCB-EBC3411CBDA6}.Release|x64.Build.0 = Release|x64
		{C6DEBB41-ADE0-4925-8DCB-EBC3411CBDA6}.Release|x86.ActiveCfg = Release|Win32
		{C6DEBB41-ADE0-4925-8DCB-EBC3411CBDA6}.Release|x86.Build.0 = Release|Win32
		{6AD0AAC9-9310-46EC-A3BC-761478479B1F}.Debug|x64.ActiveCfg = Debug|x64
		{6AD0AAC9-9310-46EC-A3BC-761478479B1F}.Debug|x64.Build.0 = Debug|x64
		{6AD0AAC9-9310-46EC-A3BC-761478479B1F}.Debug|x86.ActiveCfg = Debug|Win32
		{6AD0AAC9-9310-46EC-A3BC-761478479B1F}.Debug|x86.Build.0 = Debug|Win32
		{6AD0AAC9-9310-46EC-A3BC-761478479B1F}.Release|x64.ActiveCfg = Release|x64
		{6AD0AAC9-9310-46EC-A3BC-761478479B1F}.Release|x64.Build.0 = Release|x64
		{6AD0AAC9-9310-46EC-A3BC-761478479B1F}.Release|x86.ActiveCfg = Release|Win32
		{6AD0AAC9-9310-46EC-A3BC-761478479B1F}.Release|x86.Build.0 = Release|Win32
		{F08681BE-8B55-414D-AE61-B2C62B5B1979}.Debug|x64.ActiveCfg = Debug|x64
		{F08681BE-8B55-414D-AE61-B2C62B5B1979}.Debug|x64.Build.0 = Debug|x64
		{F08681BE-8B55-414D-AE61-B2C62B5B1979}.Debug|x86.ActiveCfg = Debug|Win32
		{F08681BE-8B55-414D-AE61-B2C62B5B1979}.Debug|x86.Build.0 = Debug|Win32
		{F08681BE-8B55-414D-AE61-B2C62B5B1979}.Release|x64.ActiveCfg = Release|x64
		{F08681BE-8B55-414D-AE61-B2C62B5B1979}.Release|x64.Build.0 = Release|x64
		{F08681BE-8B55-414D-AE61-B2C62B5B1979}.Release|x86.ActiveCfg = Release|Win32
		{F08681BE-8B55-414D-AE61-B2C62B5B1979}.Release|x86.Build.0 = Release|Win32
		{9782B449-9AB0-451F-862E-8FA2121E8C3D}.Debug|x64.ActiveCfg = Debug|x64
		{9782B449-9AB0-451F-862E-8FA2121E8C3D}.Debug|x64.Build.0 = Debug|x64
		{9782B449-9AB0-451F-862E-8FA2121E8C3D}.Debug|x86.ActiveCfg = Debug|Win32
		{9782B449-9AB0-451F-862E-8FA2121E8C3D}.Debug|x86.Build.0 = Debug|Win32
		{9782B449-9AB0-451F-862E-8FA2121E8C3D}.Release|x64.ActiveCfg = Release|x64
		{9782B449-9AB0-451F-862E-8FA2121E8C3D}.Release|x64.Build.0 = Release|x64
		{9782B449-9AB0-451F-862E-8FA2121E8C3D}.Release|x86.ActiveCfg = Release|Win32
		{9782B449-9AB0-451F-862E-8FA2121E8C3D}.Release|x86.Build.0 = Release|Win32
		{23D58563-6292-4376-BC12-38A0E4B7BE25}.Debug|x64.ActiveCfg = Debug|x64
		{23D58563-6292-4376-BC12-38A0E4B7BE25}.Debug|x64.Build.0 = Debug|x64
		{23D58563-6292-4376-BC12-38A0E4B7BE25}.Debug|x86.ActiveCfg = Debug|Win32
		{23D58563-6292-4376-BC12-38A0E4B7BE25}.Debug|x86.Build.0 = Debug|Win32
		{23D58563-6292-4376-BC12-38A0E4B7BE25}.Release|x64.ActiveCfg = Release|x64
		{23D58563-6292-4376-BC12-38A0E4B7BE25}.Release|x64.Build.0 = Release|x64
		{23D58563-6292-4376-BC12-38A0E4B7BE25}.Release|x86.ActiveCfg = Release|Win32
		{23D58563-6292-4376-BC12-38A0E4B7BE25}.Release|x86.Build.0 = Release|Win32
		{9E34FE3A-5DAE-4428-BA9F-48A7743B9847}.Debug|x64.ActiveCfg = Debug|x64
		{9E34FE3A-5DAE-4428-BA9F-48A7743B9847}.Debug|x64.Build.0 = Debug|x64
		{9E34FE3A-5DAE-4428-BA9F-48A7743B9847}.Debug|x86.ActiveCfg = Debug|Win32
		{9E34FE3A-5DAE-4428-BA9F-48A7743B9847}.Debug|x86.Build.0 = Debug|Win32
		{9E34FE3A-5DAE-4428-BA9F-48A7743B9847}.Release|x64.ActiveCfg = Release|x64
		{9E34FE3A-5DAE-4428-BA9F-48A7743B9847}.Release|x64.Build.0 = Release|x64
		{9E34FE3A-5DAE-4428-BA9F-48A7743B9847}.Release|x86.ActiveCfg = Release|Win32
		{9E34FE3A-5DAE-4428-BA9F-48A7743B9847}.Release|x86.Build.0 = Release|Win32
		{818A08D8-9D95-4D90-B057-6A51FFE2DD5A}.Debug|x64.ActiveCfg = Debug|x64
		{818A08D8-9D95-4D90-B057-6A51FFE2DD5A}.Debug|x64.Build.0 = Debug|x64
		{818A08D8-9D95-4D90-B057-6A51FFE2DD5A}.Debug|x86.ActiveCfg = Debug|Win32
		{818A08D8-9D95-4D90-B057-6A51FFE2DD5A}.Debug|x86.Build.0 = Debug|Win32
		{818A08D8-9D95-4D90-B057-6A51FFE2DD5A}.Release|x64.ActiveCfg = Release|x64
		{818A08D8-9D95-4D90-B057-6A51FFE2DD5A}.Release|x64.Build.0 = Release|x64
		{818A08D8-9D95-4D90-B057-6A51FFE2DD5A}.Release|x86.ActiveCfg = Release|Win32
		{818A08D8-9D95-4D90-B057-6A51FFE2DD5A}.Release|x86.Build.0 = Release|Win32
		{3A25C0BC-5577-49A0-BB8A-0C83BAB806B8}.Debug|x64.ActiveCfg = Debug|x64
		{3A25C0BC-5577-49A0-BB8A-0C83BAB806B8}.Debug|x64.Build.0 = Debug|x64
		{3A25C0BC-5577-49A0-BB8A-0C83BAB806B8}.Debug|x86.ActiveCfg = Debug|Win32
		{3A25C0BC-5577-49A0-BB8A-0C83BAB806B8}.Debug|x86.Build.0 = Debug|Win32
		{3A25C0BC-5577-49A0-BB8A-0C83BAB806B8}.Release|x64.ActiveCfg = Release|x64
		{3A25C0BC-5577-49A0-BB8A-0C83BAB806B8}.Release|x64.Build.0 = Release|x64
		{3A25C0BC-5577-49A0-BB8A-0C83BAB806B8}.Release|x86.ActiveCfg = Release|Win32
		{3A25C0BC-5577-49A0-BB8A-0C83BAB806B8}.Release|x86.Build.0 = Release|Win32
		{B70D0597-F55B-42C6-9E0D-19D744189905}.Debug|x64.ActiveCfg = Debug|x64
		{B70D0597-F55B-42C6-9E0D-19D744189905}.Debug|x64.Build.0 = Debug|x64
		{B70D0597-F55B-42C6-9E0D-19D744189905}.Debug|x86.ActiveCfg = Debug|Win32
		{B70D0597-F55B-42C6-9E0D-19D744189905}.Debug|x86.Build.0 = Debug|Win32
		{B70D0597-F55B-42C6-9E0D-19D744189905}.Release|x64.ActiveCfg = Release|x64
		{B70D0597-F55B-42C6-9E0D-19D744189905}.Release|x64.Build.0 = Release|x64
		{B70D0597-F55B-42C6-9E0D-19D744189905}.Release|x86.ActiveCfg = Release|Win32
		{B70D0597-F55B-42C6-9E0D-19D744189905}.Release|x86.Build.0 = Release|Win32
		{7D93106C-DDF3-4895-A01A-221AF2E7CA1E}.Debug|x64.ActiveCfg = Debug|x64
		{7D93106C-DDF3-4895-A01A-221AF2E7CA1E}.Debug|x64.Build.0 = Debug|x64
		{7D93106C-DDF3-4895-A01A-221AF2E7CA1E}.Debug|x86.ActiveCfg = Debug|Win32
		{7D93106C-DDF3-4895-A01A-221AF2E7CA1E}.Debug|x86.Build.0 = Debug|Win32
		{7D93106C-DDF3-4895-A01A-221AF2E7CA1E}.Release|x64.ActiveCfg = Release|x64
		{7D93106C-DDF3-4895-A01A-221AF2E7CA1E}.Release|x64.Build.0 = Release|x64
		{7D93106C-DDF3-4895-A01A-221AF2E7CA1E}.Release|x86.ActiveCfg = Release|Win32
		{7D93106C-DDF3-4895-A01A-221AF2E7CA1E}.Release|x86.Build.0 = Release|Win32
		{5944B588-0426-439A-8107-8D3367F140B2}.Debug|x64.ActiveCfg = Debug|x64
		{5944B588-0426-439A-8107-8D3367F140B2}.Debug|x64.Build.0 = Debug|x64
		{5944B588-0426-439A-8107-8D3367F140B2}.Debug|x86.ActiveCfg = Debug|Win32
		{5944B588-0426-439A-8107-8D3367F140B2}.Debug|x86.Build.0 = Debug|Win32
		{5944B588-0426-439A-8107-8D3367F140B2}.Release|x64.ActiveCfg = Release|x64
		{5944B588-0426-439A-8107-8D3367F140B2}.Release|x64.Build.0 = Release|x64
		{5944B588-0426-439A-8107-8D3367F140B2}.Release|x86.ActiveCfg = Release|Win32
		{5944B588-0426-439A-8107-8D3367F140B2}.Release|x86.Build.0 = Release|Win32
		{FEDB4F1A-661E-4FEA-920F-896FD26DD340}.Debug|x64.ActiveCfg = Debug|x64
		{FEDB4F1A-661E-4FEA-920F-896FD26DD340}.Debug|x64.Build.0 = Debug|x64
		{FEDB4F1A-661E-4FEA-920F-896FD26DD340}.Debug|x86.ActiveCfg = Debug|Win32
		{FEDB4F1A-661E-4FEA-920F-896FD26DD340}.Debug|x86.Build.0 = Debug|Win32
		{FEDB4F1A-661E-4FEA-920F-896FD26DD340}.Release|x64.ActiveCfg = Release|x64
		{FEDB4F1A-661E-4FEA-920F-896FD26DD340}.Release|x64.Build.0 = Release|x64
		{FEDB4F1A-661E-4FEA-920F-896FD26DD340}.Release|x86.ActiveCfg = Release|Win32
		{FEDB4F1A-661E-4FEA-920F-896FD26DD340}.Release|x86.Build.0 = Release|Win32
		{D24AAA28-B0CE-431C-BFC4-107625601DC8}.Debug|x64.ActiveCfg = Debug|x64
		{D24AAA28-B0CE-431C-BFC4-107625601DC8}.Debug|x64.Build.0 = Debug|x64
		{D24AAA28-B0CE-431C-BFC4-107625601DC8}.Debug|x86.ActiveCfg = Debug|Win32
		{D24AAA28-B0CE-431C-BFC4-107625601DC8}.Debug|x86.Build.0 = Debug|Win32
		{D24AAA28-B0CE-431C-BFC4-107625601DC8}.Release|x64.ActiveCfg = Release|x64
		{D24AAA28-B0CE-431C-BFC4-107625601DC8}.Release|x64.Build.0 = Release|x64
		{D24AAA28-B0CE-431C-BFC4-107625601DC8}.Release|x86.ActiveCfg = Release|Win32
		{D24AAA28-B0CE-431C-BFC4-107625601DC8}.Release|x86.Build.0 = Release|Win32
		{BF010D0B-CB26-46DD-87A3-2D75B64D0B35}.Debug|x64.ActiveCfg = Debug|x64
		{BF010D0B-CB26-46DD-87A3-2D75B64D0B35}.Debug|x64.Build.0 = Debug|x64
		{BF010D0B-CB26-46DD-87A3-2D75B64D0B35}.Debug|x86.ActiveCfg = Debug|Win32
		{BF010D0B-CB26-46DD-87A3-2D75B64D0B35}.Debug|x86.Build.0 = Debug|Win32
		{BF010D0B-CB26-46DD-87A3-2D75B64D0B35}.Release|x64.ActiveCfg = Release|x64
		{BF010D0B-CB26-46DD-87A3-2D75B64D0B35}.Release|x64.Build.0 = Release|x64
		{BF010D0B-CB26-46DD-87A3-2D75B64D0B35}.Release|x86.ActiveCfg = Release|Win32
		{BF010D0B-CB26-46DD-87A3-2D75B64D0B35}.Release|x86.Build.0 = Release|Win32
		{B2647A06-2D4E-4B6A-AF85-06003D00C09F}.Debug|x64.ActiveCfg = Debug|x64
		{B2647A06-2D4E-4B6A-AF85-06003D00C09F}.Debug|x64.Build.0 = Debug|x64
		{B2647A06-2D4E-4B6A-AF85-06003D00C09F}.Debug|x86.ActiveCfg = Debug|Win32
		{B2647A06-2D4E-4B6A-AF85-06003D00C09F}.Debug|x86.Build.0 = Debug|Win32
		{B2647A06-2D4E-4B6A-AF85-06003D00C09F}.Release|x64.ActiveCfg = Release|x64
		{B2647A06-2D4E-4B6A-AF85-06003D00C09F}.Release|x64.Build.0 = Release|x64
		{B2647A06-2D4E-4B6A-AF85-06003D00C09F}.Release|x86.ActiveCfg = Release|Win32
		{B2647A06-2D4E-4B6A-AF85-06003D00C09F}.Release|x86.Build.0 = Release|Win32
		{8C2E389E-2D78-4FC0-A9BA-CCA8573695CF}.Debug|x64.ActiveCfg = Debug|x64
		{8C2E389E-2D78-4FC0-A9BA-CCA8573695CF}.Debug|x64.Build.0 = Debug|x64
		{8C2E389E-2D78-4FC0-A9BA-CCA8573695CF}.Debug|x86.ActiveCfg = Debug|Win32
		{8C2E389E-2D78-4FC0-A9BA-CCA8573695CF}.Debug|x86.Build.0 = Debug|Win32
		{8C2E389E-2D78-4FC0-A9BA-CCA8573695CF}.Release|x64.ActiveCfg = Release|x64
		{8C2E389E-2D78-4FC0-A9BA-CCA8573695CF}.Release|x64.Build.0 = Release|x64
		{8C2E389E-2D78-4FC0-A9BA-CCA8573695CF}.Release|x86.ActiveCfg = Release|Win32
		{8C2E389E-2D78-4FC0-A9BA-CCA8573695CF}.Release|x86.Build.0 = Release|Win32
		{96934F33-9C7C-4408-B04A-3DF56F38870C}.Debug|x64.ActiveCfg = Debug|x64
		{96934F33-9C7C-4408-B04A-3DF56F38870C}.Debug|x64.Build.0 = Debug|x64
		{96934F33-9C7C-4408-B04A-3DF56F38870C}.Debug|x86.ActiveCfg = Debug|Win32
		{96934F33-9C7C-4408-B04A-3DF56F38870C}.Debug|x86.Build.0 = Debug|Win32
		{96934F33-9C7C-4408-B04A-3DF56F38870C}.Release|x64.ActiveCfg = Release|x64
		{96934F33-9C7C-4408-B04A-3DF56F38870C}.Release|x64.Build.0 = Release|x64
		{96934F33-9C7C-4408-B04A-3DF56F38870C}.Release|x86.ActiveCfg = Release|Win32
		{96934F33-9C7C-4408-B04A-3DF56F38870C}.Release|x86.Build.0 = Release|Win32
		{13A78787-2515-4D1F-AD50-2D257D99AF4A}.Debug|x64.ActiveCfg = Debug|x64
		{13A78787-2515-4D1F-AD50-2D257D99AF4A}.Debug|x64.Build.0 = Debug|x64
		{13A78787-2515-4D1F-AD50-2D257D99AF4A}.Debug|x86.ActiveCfg = Debug|Win32
		{13A78787-2515-4D1F-AD50-2D257D99AF4A}.Debug|x86.Build.0 = Debug|Win32
		{13A78787-2515-4D1F-AD50-2D257D99AF4A}.Release|x64.ActiveCfg = Release|x64
		{13A78787-2515-4D1F-AD50-2D257D99AF4A}.Release|x64.Build.0 = Release|x64
		{13A78787-2515-4D1F-AD50-2D257D99AF4A}.Release|x86.ActiveCfg = Release|Win32
		{13A78787-2515-4D1F-AD50-2D257D99AF4A}.Release|x86.Build.0 = Release|Win32
		{47CEABF2-5EE9-4221-A6D0-7B23B229EC2E}.Debug|x64.ActiveCfg = Debug|x64
		{47CEABF2-5EE9-4221-A6D0-7B23B229EC2E}.Debug|x64.Build.0 = Debug|x64
		{47CEABF2-5EE9-4221-A6D0-7B23B229EC2E}.Debug|x86.ActiveCfg = Debug|Win32
		{47CEABF2-5EE9-4221-A6D0-7B23B229EC2E}.Debug|x86.Build.0 = Debug|Win32
		{47CEABF2-5EE9-4221-A6D0-7B23B229EC2E}.Release|x64.ActiveCfg = Release|x64
		{47CEABF2-5EE9-4221-A6D0-7B23B229EC2E}.Release|x64.Build.0 = Release|x64
		{47CEABF2-5EE9-4221-A6D0-7B23B229EC2E}.Release|x86.ActiveCfg = Release|Win32
		{47CEABF2-5EE9-4221-A6D0-7B23B229EC2E}.Release|x86.Build.0 = Release|Win32
		{87125107-551F-446F-8FA4-FD2892F66853}.Debug|x64.ActiveCfg = Debug|x64
		{87125107-551F-446F-8FA4-FD2892F66853}.Debug|x64.Build.0 = Debug|x64
		{87125107-551F-446F-8FA4-FD2892F66853}.Debug|x86.ActiveCfg = Debug|Win32
		{87125107-551F-446F-8FA4-FD2892F66853}.Debug|x86.Build.0 = Debug|Win32
		{87125107-551F-446F-8FA4-FD2892F66853}.Release|x64.ActiveCfg = Release|x64
		{87125107-551F-446F-8FA4-FD2892F66853}.Release|x64.Build.0 = Release|x64
		{87125107-551F-446F-8FA4-FD2892F66853}.Release|x86.ActiveCfg = Release|Win32
		{87125107-551F-446F-8FA4-FD2892F66853}.Release|x86.Build.0 = Release|Win32
		{51DD38DC-2C6A-4E64-8019-00763EC76527}.Debug|x64.ActiveCfg = Debug|x64
		{51DD38DC-2C6A-4E64-8019-00763EC76527}.Debug|x64.Build.0 = Debug|x64
		{51DD38DC-2C6A-4E64-8019-00763EC76527}.Debug|x86.ActiveCfg = Debug|Win32
		{51DD38DC-2C6A-4E64-8019-00763EC76527}.Debug|x86.Build.0 = Debug|Win32
		{51DD38DC-2C6A-4E64-8019-00763EC76527}.Release|x64.ActiveCfg = Release|x64
		{51DD38DC-2C6A-4E64-8019-00763EC76527}.Release|x64.Build.0 = Release|x64
		{51DD38DC-2C6A-4E64-8019-00763EC76527}.Release|x86.ActiveCfg = Release|Win32
		{51DD38DC-2C6A-4E64-8019-00763EC76527}.Release|x86.Build.0 = Release|Win32
		{822175E8-63CC-4A4D-8407-E90605B13D3A}.Debug|x64.ActiveCfg = Debug|x64
		{822175E8-63CC-4A4D-8407-E90605B13D3A}.Debug|x64.Build.0 = Debug|x64
		{822175E8-63CC-4A4D-8407-E90605B13D3A}.Debug|x86.ActiveCfg = Debug|Win32
		{822175E8-63CC-4A4D-8407-E90605B13D3A}.Debug|x86.Build.0 = Debug|Win32
		{822175E8-63CC-4A4D-8407-E90605B13D3A}.Release|x64.ActiveCfg = Release|x64
		{822175E8-63CC-4A4D-8407-E90605B13D3A}.Release|x64.Build.0 = Release|x64
		{822175E8-63CC-4A4D-8407-E90605B13D3A}.Release|x86.ActiveCfg = Release|Win32
		{822175E8-63CC-4A4D-8407-E90605B13D3A}.Release|x86.Build.0 = Release|Win32
		{85943C49-1215-4BC6-B590-BC28BB951DEF}.Debug|x64.ActiveCfg = Debug|x64
		{85943C49-1215-4BC6-B590-BC28BB951DEF}.Debug|x64.Build.0 = Debug|x64
		{85943C49-1215-4BC6-B590-BC28BB951DEF}.Debug|x86.ActiveCfg = Debug|Win32
		{85943C49-1215-4BC6-B590-BC28BB951DEF}.Debug|x86.Build.0 = Debug|Win32
		{85943C49-1215-4BC6-B590-BC28BB951DEF}.Release|x64.ActiveCfg = Release|x64
		{85943C49-1215-4BC6-B590-BC28BB951DEF}.Release|x64.Build.0 = Release|x64
		{85943C49-1215-4BC6-B590-BC28BB951DEF}.Release|x86.ActiveCfg = Release|Win32
		{85943C49-1215-4BC6-B590-BC28BB951DEF}.Release|x86.Build.0 = Release|Win32
		{DA360755-E207-4C54-A0BE-47F14621B96C}.Debug|x64.ActiveCfg = Debug|x64
		{DA360755-E207-4C54-A0BE-47F14621B96C}.Debug|x64.Build.0 = Debug|x64
		{DA360755-E207-4C54-A0BE-47F14621B96C}.Debug|x86.ActiveCfg = Debug|Win32
		{DA360755-E207-4C54-A0BE-47F14621B96C}.Debug|x86.Build.0 = Debug|Win32
		{DA360755-E207-4C54-A0BE-47F14621B96C}.Release|x64.ActiveCfg = Release|x64
		{DA360755-E207-4C54-A0BE-47F14621B96C}.Release|x64.Build.0 = Release|x64
		{DA360755-E207-4C54-A0BE-47F14621B96C}.Release|x86.ActiveCfg = Release|Win32
		{DA360755-E207-4C54-A0BE-47F14621B96C}.Release|x86.Build.0 = Release|Win32
		{620066E7-2597-4B03-96ED-25268013BDAD}.Debug|x64.ActiveCfg = Debug|x64
		{620066E7-2597-4B03-96ED-25268013BDAD}.Debug|x64.Build.0 = Debug|x64
		{620066E7-2597-4B03-96ED-25268013BDAD}.Debug|x86.ActiveCfg = Debug|Win32
		{620066E7-2597-4B03-96ED-25268013BDAD}.Debug|x86.Build.0 = Debug|Win32
		{620066E7-2597-4B03-96ED-25268013BDAD}.Release|x64.ActiveCfg = Release|x64
		{620066E7-2597-4B03-96ED-25268013BDAD}.Release|x64.Build.0 = Release|x64
		{620066E7-2597-4B03-96ED-25268013BDAD}.Release|x86.ActiveCfg = Release|Win32
		{620066E7-2597-4B03-96ED-25268013BDAD}.Release|x86.Build.0 = Release|Win32
		{ED32E356-9A70-481E-912B-86F2FBD7BD8A}.Debug|x64.ActiveCfg = Debug|x64
		{ED32E356-9A70-481E-912B-86F2FBD7BD8A}.Debug|x64.Build.0 = Debug|x64
		{ED32E356-9A70-481E-912B-86F2FBD7BD8A}.Debug|x86.ActiveCfg = Debug|Win32
		{ED32E356-9A70-481E-912B-86F2FBD7BD8A}.Debug|x86.Build.0 = Debug|Win32
		{ED32E356-9A70-481E-912B-86F2FBD7BD8A}.Release|x64.ActiveCfg = Release|x64
		{ED32E356-9A70-481E-912B-86F2FBD7BD8A}.Release|x64.Build.0 = Release|x64
		{ED32E356-9A70-481E-912B-86F2FBD7BD8A}.Release|x86.ActiveCfg = Release|Win32
		{ED32E356-9A70-481E-912B-86F2FBD7BD8A}.Release|x86.Build.0 = Release|Win32
		{36BBDAB3-09E0-4B67-98F9-39C357002931}.Debug|x64.ActiveCfg = Debug|x64
		{36BBDAB3-09E0-4B67-98F9-39C357002931}.Debug|x64.Build.0 = Debug|x64
		{36BBDAB3-09E0-4B67-98F9-39C357002931}.Debug|x86.ActiveCfg = Debug|Win32
		{36BBDAB3-09E0-4B67-98F9-39C357002931}.Debug|x86.Build.0 = Debug|Win32
		{36BBDAB3-09E0-4B67-98F9-39C357002931}.Release|x64.ActiveCfg = Release|x64
		{36BBDAB3-09E0-4B67-98F9-39C357002931}.Release|x64.Build.0 = Release|x64
		{36BBDAB3-09E0-4B67-98F9-39C357002931}.Release|x86.ActiveCfg = Release|Win32
		{36BBDAB3-09E0-4B67-98F9-39C357002931}.Release|x86.Build.0 = Release|Win32
		{6B834793-D149-4FB0-83ED-D4F56A31F965}.Debug|x64.ActiveCfg = Debug|x64
		{6B834793-D149-4FB0-83ED-D4F56A31F965}.Debug|x64.Build.0 = Debug|x64
		{6B834793-D149-4FB0-83ED-D4F56A31F965}.Debug|x86.ActiveCfg = Debug|Win32
		{6B834793-D149-4FB0-83ED-D4F56A31F965}.Debug|x86.Build.0 = Debug|Win32
		{6B834793-D149-4FB0-83ED-D4F56A31F965}.Release|x64.ActiveCfg = Release|x64
		{6B834793-D149-4FB0-83ED-D4F56A31F965}.Release|x64.Build.0 = Release|x64
		{6B834793-D149-4FB0-83ED-D4F56A31F965}.Release|x86.ActiveCfg = Release|Win32
		{6B834793-D149-4FB0-83ED-D4F56A31F965}.Release|x86.Build.0 = Release|Win32
		{0DAF0BC9-10D2-465B-9F82-A7AE6EE92E7B}.Debug|x64.ActiveCfg = Debug|x64
		{0DAF0BC9-10D2-465B-9F82-A7AE6EE92E7B}.Debug|x64.Build.0 = Debug|x64
		{0DAF0BC9-10D2-465B-9F82-A7AE6EE92E7B}.Debug|x86.ActiveCfg = Debug|Win32
		{0DAF0BC9-10D2-465B-9F82-A7AE6EE92E7B}.Debug|x86.Build.0 = Debug|Win32
		{0DAF0BC9-10D2-465B-9F82-A7AE6EE92E7B}.Release|x64.ActiveCfg = Release|x64
		{0DAF0BC9-10D2-465B-9F82-A7AE6EE92E7B}.Release|x64.Build.0 = Release|x64
		{0DAF0BC9-10D2-465B-9F82-A7AE6EE92E7B}.Release|x86.ActiveCfg = Release|Win32
		{0DAF0BC9-10D2-465B-9F82-A7AE6EE92E7B}.Release|x86.Build.0 = Release|Win32
		{504A255F-206D-43C9-9A6C-4C517547E7A5}.Debug|x64.ActiveCfg = Debug|x64
		{504A255F-206D-43C9-9A6C-4C517547E7A5}.Debug|x64.Build.0 = Debug|x64
		{504A255F-206D-43C9-9A6C-4C517547E7A5}.Debug|x86.ActiveCfg = Debug|Win32
		{504A255F-206D-43C9-9A6C-4C517547E7A5}.Debug|x86.Build.0 = Debug|Win32
		{504A255F-206D-43C9-9A6C-4C517547E7A5}.Release|x64.ActiveCfg = Release|x64
		{504A255F-206D-43C9-9A6C-4C517547E7A5}.Release|x64.Build.0 = Release|x64
		{504A255F-206D-43C9-9A6C-4C517547E7A5}.Release|x86.ActiveCfg = Release|Win32
		{504A255F-206D-43C9-9A6C-4C517547E7A5}.Release|x86.Build.0 = Release|Win32
		{3ED0EBA1-7D96-4488-9EFB-11747030A448}.Debug|x64.ActiveCfg = Debug|x64
		{3ED0EBA1-7D96-4488-9EFB-11747030A448}.Debug|x64.Build.0 = Debug|x64
		{3ED0EBA1-7D96-4488-9EFB-11747030A448}.Debug|x86.ActiveCfg = Debug|Win32
		{3ED0EBA1-7D96-4488-9EFB-11747030A448}.Debug|x86.Build.0 = Debug|Win32
		{3ED0EBA1-7D96-4488-9EFB-11747030A448}.Release|x64.ActiveCfg = Release|x64
		{3ED0EBA1-7D96-4488-9EFB-11747030A448}.Release|x64.Build.0 = Release|x64
		{3ED0EBA1-7D96-4488-9EFB-11747030A448}.Release|x86.ActiveCfg = Release|Win32
		{3ED0EBA1-7D96-4488-9EFB-11747030A448}.Release|x86.Build.0 = Release|Win32
		{74CBC408-569F-4077-B903-868C87D11279}.Debug|x64.ActiveCfg = Debug|x64
		{74CBC408-569F-4077-B903-868C87D11279}.Debug|x64.Build.0 = Debug|x64
		{74CBC408-569F-4077-B903-868C87D11279}.Debug|x86.ActiveCfg = Debug|Win32
		{74CBC408-569F-4077-B903-868C87D11279}.Debug|x86.Build.0 = Debug|Win32
		{74CBC408-569F-4077-B903-868C87D11279}.Release|x64.ActiveCfg = Release|x64
		{74CBC408-569F-4077-B903-868C87D11279}.Release|x64.Build.0 = Release|x64
		{74CBC408-569F-4077-B903-868C87D11279}.Release|x86.ActiveCfg = Release|Win32
		{74CBC408-569F-4077-B903-868C87D11279}.Release|x86.Build.0 = Release|Win32
		{56B87488-2BBF-4D3D-9A7D-6A5141ADCEF8}.Debug|x64.ActiveCfg = Debug|x64
		{56B87488-2BBF-4D3D-9A7D-6A5141ADCEF8}.Debug|x64.Build.0 = Debug|x64
		{56B87488-2BBF-4D3D-9A7D-6A5141ADCEF8}.Debug|x86.ActiveCfg = Debug|Win32
		{56B87488-2BBF-4D3D-9A7D-6A5141ADCEF8}.Debug|x86.Build.0 = Debug|Win32
		{56B87488-2BBF-4D3D-9A7D-6A5141ADCEF8}.Release|x64.ActiveCfg = Release|x64
		{56B87488-2BBF-4D3D-9A7D-6A5141ADCEF8}.Release|x64.Build.0 = Release|x64
		{56B87488-2BBF-4D3D-9A7D-6A5141ADCEF8}.Release|x86.ActiveCfg = Release|Win32
		{56B87488-2BBF-4D3D-9A7D-6A5141ADCEF8}.Release|x86.Build.0 = Release|Win32
		{2C74A38A-FE61-4665-888C-70CBAF02BF2E}.Debug|x64.ActiveCfg = Debug|x64
		{2C74A38A-FE61-4665-888C-70CBAF02BF2E}.Debug|x64.Build.0 = Debug|x64
		{2C74A38A-FE61-4665-888C-70CBAF02BF2E}.Debug|x86.ActiveCfg = Debug|Win32
		{2C74A38A-FE61-4665-888C-70CBAF02BF2E}.Debug|x86.Build.0 = Debug|Win32
		{2C74A38A-FE61-4665-888C-70CBAF02BF2E}.Release|x64.ActiveCfg = Release|x64
		{2C74A38A-FE61-4665-888C-70CBAF02BF2E}.Release|x64.Build.0 = Release|x64
		{2C74A38A-FE61-4665-888C-70CBAF02BF2E}.Release|x86.ActiveCfg = Release|Win32
		{2C74A38A-FE61-4665-888C-70CBAF02BF2E}.Release|x86.Build.0 = Release|Win32
		{A0FF179E-7AE0-4FDE-9E70-6A8FC6627F97}.Debug|x64.ActiveCfg = Debug|x64
		{A0FF179E-7AE0-4FDE-9E70-6A8FC6627F97}.Debug|x64.Build.0 = Debug|x64
		{A0FF179E-7AE0-4FDE-9E70-6A8FC6627F97}.Debug|x86.ActiveCfg = Debug|Win32
		{A0FF179E-7AE0-4FDE-9E70-6A8FC6627F97}.Debug|x86.Build.0 = Debug|Win32
		{A0FF179E-7AE0-4FDE-9E70-6A8FC6627F97}.Release|x64.ActiveCfg = Release|x64
		{A0FF179E-7AE0-4FDE-9E70-6A8FC6627F97}.Release|x64.Build.0 = Release|x64
		{A0FF179E-7AE0-4FDE-9E70-6A8FC6627F97}.Release|x86.ActiveCfg = Release|Win32
		{A0FF179E-7AE0-4FDE-9E70-6A8FC6627F97}.Release|x86.Build.0 = Release|Win32
		{ABB7ABAD-F349-4330-B24B-7FC9DF2112A6}.Debug|x64.ActiveCfg = Debug|x64
		{ABB7ABAD-F349-4330-B24B-7FC9DF2112A6}.Debug|x64.Build.0 = Debug|x64
		{ABB7ABAD-F349-4330-B24B-7FC9DF2112A6}.Debug|x86.ActiveCfg = Debug|Win32
		{ABB7ABAD-F349-4330-B24B-7FC9DF2112A6}.Debug|x86.Build.0 = Debug|Win32
		{ABB7ABAD-F349-4330-B24B-7FC9DF2112A6}.Release|x64.ActiveCfg = Release|x64
		{ABB7ABAD-F349-4330-B24B-7FC9DF2112A6}.Release|x64.Build.0 = Release|x64
		{ABB7ABAD-F349-4330-B24B-7FC9DF2112A6}.Release|x86.ActiveCfg = Release|Win32
		{ABB7ABAD-F349-4330-B24B-7FC9DF2112A6}.Release|x86.Build.0 = Release|Win32
		{B428AA6F-5C5D-4605-A8A7-1A3125F8C55D}.Debug|x64.ActiveCfg = Debug|x64
		{B428AA6F-5C5D-4605-A8A7-1A3125F8C55D}.Debug|x64.Build.0 = Debug|x64
		{B428AA6F-5C5D-4605-A8A7-1A3125F8C55D}.Debug|x86.ActiveCfg = Debug|Win32
		{B428AA6F-5C5D-4605-A8A7-1A3125F8C55D}.Debug|x86.Build.0 = Debug|Win32
		{B428AA6F-5C5D-4605-A8A7-1A3125F8C55D}.Release|x64.ActiveCfg = Release|x64
		{B428AA6F-5C5D-4605-A8A7-1A3125F8C55D}.Release|x64.Build.0 = Release|x64
		{B428AA6F-5C5D-4605-A8A7-1A3125F8C55D}.Release|x86.ActiveCfg = Release|Win32
		{B428AA6F-5C5D-4605-A8A7-1A3125F8C55D}.Release|x86.Build.0 = Release|Win32
		{624A753F-BE9F-4CA8-9E7E-D6A5E7A027C7}.Debug|x64.ActiveCfg = Debug|x64
		{624A753F-BE9F-4CA8-9E7E-D6A5E7A027C7}.Debug|x64.Build.0 = Debug|x64
		{624A753F-BE9F-4CA8-9E7E-D6A5E7A027C7}.Debug|x86.ActiveCfg = Debug|Win32
		{624A753F-BE9F-4CA8-9E7E-D6A5E7A027C7}.Debug|x86.Build.0 = Debug|Win32
		{624A753F-BE9F-4CA8-9E7E-D6A5E7A027C7}.Release|x64.ActiveCfg = Release|x64
		{624A753F-BE9F-4CA8-9E7E-D6A5E7A027C7}.Release|x64.Build.0 = Release|x64
		{624A753F-BE9F-4CA8-9E7E-D6A5E7A027C7}.Release|x86.ActiveCfg = Release|Win32
		{624A753F-BE9F-4CA8-9E7E-D6A5E7A027C7}.Release|x86.Build.0 = Release|Win32
		{865A1ADA-9996-401B-9F94-67F4D8D2D5D3}.Debug|x64.ActiveCfg = Debug|x64
		{865A1ADA-9996-401B-9F94-67F4D8D2D5D3}.Debug|x64.Build.0 = Debug|x64
		{865A1ADA-9996-401B-9F94-67F4D8D2D5D3}.Debug|x86.ActiveCfg = Debug|Win32
		{865A1ADA-9996-401B-9F94-67F4D8D2D5D3}.Debug|x86.Build.0 = Debug|Win32
		{865A1ADA-9996-401B-9F94-67F4D8D2D5D3}.Release|x64.ActiveCfg = Release|x64
		{865A1ADA-9996-401B-9F94-67F4D8D2D5D3}.Release|x64.Build.0 = Release|x64
		{865A1ADA-9996-401B-9F94-67F4D8D2D5D3}.Release|x86.ActiveCfg = Release|Win32
		{865A1ADA-9996-401B-9F94-67F4D8D2D5D3}.Release|x86.Build.0 = Release|Win32
		{E23519BC-BBED-4E46-8693-976CE0C9B837}.Debug|x64.ActiveCfg = Debug|x64
		{E23519BC-BBED-4E46-8693-976CE0C9B837}.Debug|x64.Build.0 = Debug|x64
		{E23519BC-BBED-4E46-8693-976CE0C9B837}.Debug|x86.ActiveCfg = Debug|Win32
		{E23519BC-BBED-4E46-8693-976CE0C9B837}.Debug|x86.Build.0 = Debug|Win32
		{E23519BC-BBED-4E46-8693-976CE0C9B837}.Release|x64.ActiveCfg = Release|x64
		{E23519BC-BBED-4E46-8693-976CE0C9B837}.Release|x64.Build.0 = Release|x64
		{E23519BC-BBED-4E46-8693-976CE0C9B837}.Release|x86.ActiveCfg = Release|Win32
		{E23519BC-BBED-4E46-8693-976CE0C9B837}.Release|x86.Build.0 = Release|Win32
		{D560B9C8-65FF-458B-8745-FBA776F23743}.Debug|x64.ActiveCfg = Debug|x64
		{D560B9C8-65FF-458B-8745-FBA776F23743}.Debug|x64.Build.0 = Debug|x64
		{D560B9C8-65FF-458B-8745-FBA776F23743}.Debug|x86.ActiveCfg = Debug|Win32
		{D560B9C8-65FF-458B-8745-FBA776F23743}.Debug|x86.Build.0 = Debug|Win32
		{D560B9C8-65FF-458B-8745-FBA776F23743}.Release|x64.ActiveCfg = Release|x64
		{D560B9C8-65FF-458B-8745-FBA776F23743}.Release|x64.Build.0 = Release|x64
		{D560B9C8-65FF-458B-8745-FBA776F23743}.Release|x86.ActiveCfg = Release|Win32
		{D560B9C8-65FF-458B-8745-FBA776F23743}.Release|x86.Build.0 = Release|Win32
		{CE3402E8-8B19-47B5-81C0-4D841356AC2B}.Debug|x64.ActiveCfg = Debug|x64
		{CE3402E8-8B19-47B5-81C0-4D841356AC2B}.Debug|x64.Build.0 = Debug|x64
		{CE3402E8-8B19-47B5-81C0-4D841356AC2B}.Debug|x86.ActiveCfg = Debug|Win32
		{CE3402E8-8B19-47B5-81C0-4D841356AC2B}.Debug|x86.Build.0 = Debug|Win32
		{CE3402E8-8B19-47B5-81C0-4D841356AC2B}.Release|x64.ActiveCfg = Release|x64
		{CE3402E8-8B19-47B5-81C0-4D841356AC2B}.Release|x64.Build.0 = Release|x64
		{CE3402E8-8B19-47B5-81C0-4D841356AC2B}.Release|x86.ActiveCfg = Release|Win32
		{CE3402E8-8B19-47B5-81C0-4D841356AC2B}.Release|x86.Build.0 = Release|Win32
		{CBD283F7-B643-4B25-9CBA-EFCB28879855}.Debug|x64.ActiveCfg = Debug|x64
		{CBD283F7-B643-4B25-9CBA-EFCB28879855}.Debug|x64.Build.0 = Debug|x64
		{CBD283F7-B643-4B25-9CBA-EFCB28879855}.Debug|x86.ActiveCfg = Debug|Win32
		{CBD283F7-B643-4B25-9CBA-EFCB28879855}.Debug|x86.Build.0 = Debug|Win32
		{CBD283F7-B643-4B25-9CBA-EFCB28879855}.Release|x64.ActiveCfg = Release|x64
		{CBD283F7-B643-4B25-9CBA-EFCB28879855}.Release|x64.Build.0 = Release|x64
		{CBD283F7-B643-4B25-9CBA-EFCB28879855}.Release|x86.ActiveCfg = Release|Win32
		{CBD283F7-B643-4B25-9CBA-EFCB28879855}.Release|x86.Build.0 = Release|Win32
		{A750E955-AE6A-4CFB-A65D-A3AFF6719C74}.Debug|x64.ActiveCfg = Debug|x64
		{A750E955-AE6A-4CFB-A65D-A3AFF6719C74}.Debug|x64.Build.0 = Debug|x64
		{A750E955-AE6A-4CFB-A65D-A3AFF6719C74}.Debug|x86.ActiveCfg = Debug|Win32
		{A750E955-AE6A-4CFB-A65D-A3AFF6719C74}.Debug|x86.Build.0 = Debug|Win32
		{A750E955-AE6A-4CFB-A65D-A3AFF6719C74}.Release|x64.ActiveCfg = Release|x64
		{A750E955-AE6A-4CFB-A65D-A3AFF6719C74}.Release|x64.Build.0 = Release|x64
		{A750E955-AE6A-4CFB-A65D-A3AFF6719C74}.Release|x86.ActiveCfg = Release|Win32
		{A750E955-AE6A-4CFB-A65D-A3AFF6719C74}.Release|x86.Build.0 = Release|Win32
		{66686188-9DBA-4BF4-81A3-AA7213E8939E}.Debug|x64.ActiveCfg = Debug|x64
		{66686188-9DBA-4BF4-81A3-AA7213E8939E}.Debug|x64.Build.0 = Debug|x64
		{66686188-9DBA-4BF4-81A3-AA7213E8939E}.Debug|x86.ActiveCfg = Debug|Win32
		{66686188-9DBA-4BF4-81A3-AA7213E8939E}.Debug|x86.Build.0 = Debug|Win32
		{66686188-9DBA-4BF4-81A3-AA7213E8939E}.Release|x64.ActiveCfg = Release|x64
		{66686188-9DBA-4BF4-81A3-AA7213E8939E}.Release|x64.Build.0 = Release|x64
		{66686188-9DBA-4BF4-81A3-AA7213E8939E}.Release|x86.ActiveCfg = Release|Win32
		{66686188-9DBA-4BF4-81A3-AA7213E8939E}.Release|x86.Build.0 = Release|Win32
		{86686892-64BA-4B3E-8F91-D76B68F5BA9F}.Debug|x64.ActiveCfg = Debug|x64
		{86686892-64BA-4B3E-8F91-D76B68F5BA9F}.Debug|x64.Build.0 = Debug|x64
		{86686892-64BA-4B3E-8F91-D76B68F5BA9F}.Debug|x86.ActiveCfg = Debug|Win32
		{86686892-64BA-4B3E-8F91-D76B68F5BA9F}.Debug|x86.Build.0 = Debug|Win32
		{86686892-64BA-4B3E-8F91-D76B68F5BA9F}.Release|x64.ActiveCfg = Release|x64
		{86686892-64BA-4B3E-8F91-D76B68F5BA9F}.Release|x64.Build.0 = Release|x64
		{86686892-64BA-4B3E-8F91-D76B68F5BA9F}.Release|x86.ActiveCfg = Release|Win32
		{86686892-64BA-4B3E-8F91-D76B68F5BA9F}.Release|x86.Build.0 = Release|Win32
		{3A5E8949-1EA2-4C4B-BE12-83A9AC0B04EC}.Debug|x64.ActiveCfg = Debug|x64
		{3A5E8949-1EA2-4C4B-BE12-83A9AC0B04EC}.Debug|x64.Build.0 = Debug|x64
		{3A5E8949-1EA2-4C4B-BE12-83A9AC0B04EC}.Debug|x86.ActiveCfg = Debug|Win32
		{3A5E8949-1EA2-4C4B-BE12-83A9AC0B04EC}.Debug|x86.Build.0 = Debug|Win32
		{3A5E8949-1EA2-4C4B-BE12-83A9AC0B04EC}.Release|x64.ActiveCfg = Release|x64
		{3A5E8949-1EA2-4C4B-BE12-83A9AC0B04EC}.Release|x64.Build.0 = Release|x64
		{3A5E8949-1EA2-4C4B-BE12-83A9AC0B04EC}.Release|x86.ActiveCfg = Release|Win32
		{3A5E8949-1EA2-4C4B-BE12-83A9AC0B04EC}.Release|x86.Build.0 = Release|Win32
		{9139E4E3-F284-4692-A85A-F1C56573D90D}.Debug|x64.ActiveCfg = Debug|x64
		{9139E4E3-F284-4692-A85A-F1C56573D90D}.Debug|x64.Build.0 = Debug|x64
		{9139E4E3-F284-4692-A85A-F1C56573D90D}.Debug|x86.ActiveCfg = Debug|Win32
		{9139E4E3-F284-4692-A85A-F1C56573D90D}.Debug|x86.Build.0 = Debug|Win32
		{9139E4E3-F284-4692-A85A-F1C56573D90D}.Release|x64.ActiveCfg = Release|x64
		{9139E4E3-F284-4692-A85A-F1C56573D90D}.Release|x64.Build.0 = Release|x64
		{9139E4E3-F284-4692-A85A-F1C56573D90D}.Release|x86.ActiveCfg = Release|Win32
		{9139E4E3-F284-4692-A85A-F1C56573D90D}.Release|x86.Build.0 = Release|Win32
		{0DC9167C-7912-43F0-A018-F68ACF54B383}.Debug|x64.ActiveCfg = Debug|x64
		{0DC9167C-7912-43F0-A018-F68ACF54B383}.Debug|x64.Build.0 = Debug|x64
		{0DC9167C-7912-43F0-A018-F68ACF54B383}.Debug|x86.ActiveCfg = Debug|Win32
		{0DC9167C-7912-43F0-A018-F68ACF54B383}.Debug|x86.Build.0 = Debug|Win32
		{0DC9167C-7912-43F0-A018-F68ACF54B383}.Release|x64.ActiveCfg = Release|x64
		{0DC9167C-7912-43F0-A018-F68ACF54B383}.Release|x64.Build.0 = Release|x64
		{0DC9167C-7912-43F0-A018-F68ACF54B383}.Release|x86.ActiveCfg = Release|Win32
		{0DC9167C-7912-43F0-A018-F68ACF54B383}.Release|x86.Build.0 = Release|Win32
		{5E67C5D6-D6B7-4D58-BC00-079D896B9FE2}.Debug|x64.ActiveCfg = Debug|x64
		{5E67C5D6-D6B7-4D58-BC00-079D896B9FE2}.Debug|x64.Build.0 = Debug|x64
		{5E67C5D6-D6B7-4D58-BC00-079D896B9FE2}.Debug|x86.ActiveCfg = Debug|Win32
		{5E67C5D6-D6B7-4D58-BC00-079D896B9FE2}.Debug|x86.Build.0 = Debug|Win32
		{5E67C5D6-D6B7-4D58-BC00-079D896B9FE2}.Release|x64.ActiveCfg = Release|x64
		{5E67C5D6-D6B7-4D58-BC00-079D896B9FE2}.Release|x64.Build.0 = Release|x64
		{5E67C5D6-D6B7-4D58-BC00-079D896B9FE2}.Release|x86.ActiveCfg = Release|Win32
		{5E67C5D6-D6B7-4D58-BC00-079D896B9FE2}.Release|x86.Build.0 = Release|Win32
		{3EE83DC1-B1D0-4DB6-9558-9C672731CDB0}.Debug|x64.ActiveCfg = Debug|x64
		{3EE83DC1-B1D0-4DB6-9558-9C672731CDB0}.Debug|x64.Build.0 = Debug|x64
		{3EE83DC1-B1D0-4DB6-9558-9C672731CDB0}.Debug|x86.ActiveCfg = Debug|Win32
		{3EE83DC1-B1D0-4DB6-9558-9C672731CDB0}.Debug|x86.Build.0 = Debug|Win32
		{3EE83DC1-B1D0-4DB6-9558-9C672731CDB0}.Release|x64.ActiveCfg = Release|x64
		{3EE83DC1-B1D0-4DB6-9558-9C672731CDB0}.Release|x64.Build.0 = Release|x64
		{3EE83DC1-B1D0-4DB6-9558-9C672731CDB0}.Release|x86.ActiveCfg = Release|Win32
		{3EE83DC1-B1D0-4DB6-9558-9C672731CDB0}.Release|x86.Build.0 = Release|Win32
		{17D78C81-BD09-4453-AC4A-B9E6B9B0E6EC}.Debug|x64.ActiveCfg = Debug|x64
		{17D78C81-BD09-4453-AC4A-B9E6B9B0E6EC}.Debug|x64.Build.0 = Debug|x64
		{17D78C81-BD09-4453-AC4A-B9E6B9B0E6EC}.Debug|x86.ActiveCfg = Debug|Win32
		{17D78C81-BD09-4453-AC4A-B9E6B9B0E6EC}.Debug|x86.Build.0 = Debug|Win32
		{17D78C81-BD09-4453-AC4A-B9E6B9B0E6EC}.Release|x64.ActiveCfg = Release|x64
		{17D78C81-BD09-4453-AC4A-B9E6B9B0E6EC}.Release|x64.Build.0 = Release|x64
		{17D78C81-BD09-4453-AC4A-B9E6B9B0E6EC}.Release|x86.ActiveCfg = Release|Win32
		{17D78C81-BD09-4453-AC4A-B9E6B9B0E6EC}.Release|x86.Build.0 = Release|Win32
		{2E47B7A8-2929-4CAD-9072-51FF1FABD623}.Debug|x64.ActiveCfg = Debug|x64
		{2E47B7A8-2929-4CAD-9072-51FF1FABD623}.Debug|x64.Build.0 = Debug|x64
		{2E47B7A8-2929-4CAD-9072-51FF1FABD623}.Debug|x86.ActiveCfg = Debug|Win32
		{2E47B7A8-2929-4CAD-9072-51FF1FABD623}.Debug|x86.Build.0 = Debug|Win32
		{2E47B7A8-2929-4CAD-9072-51FF1FABD623}.Release|x64.ActiveCfg = Release|x64
		{2E47B7A8-2929-4CAD-9072-51FF1FABD623}.Release|x64.Build.0 = Release|x64
		{2E47B7A8-2929-4CAD-9072-51FF1FABD623}.Release|x86.ActiveCfg = Release|Win32
		{2E47B7A8-2929-4CAD-9072-51FF1FABD623}.Release|x86.Build.0 = Release|Win32
		{FBFCDFE0-8F5A-458B-AAB7-937E8F1B2ADD}.Debug|x64.ActiveCfg = Debug|x64
		{FBFCDFE0-8F5A-458B-AAB7-937E8F1B2ADD}.Debug|x64.Build.0 = Debug|x64
		{FBFCDFE0-8F5A-458B-AAB7-937E8F1B2ADD}.Debug|x86.ActiveCfg = Debug|Win32
		{FBFCDFE0-8F5A-458B-AAB7-937E8F1B2ADD}.Debug|x86.Build.0 = Debug|Win32
		{FBFCDFE0-8F5A-458B-AAB7-937E8F1B2ADD}.Release|x64.ActiveCfg = Release|x64
		{FBFCDFE0-8F5A-458B-AAB7-937E8F1B2ADD}.Release|x64.Build.0 = Release|x64
		{FBFCDFE0-8F5A-458B-AAB7-937E8F1B2ADD}.Release|x86.ActiveCfg = Release|Win32
		{FBFCDFE0-8F5A-458B-AAB7-937E8F1B2ADD}.Release|x86.Build.0 = Release|Win32
		{865BA8B5-85DE-4133-B04D-3D044865C8DC}.Debug|x64.ActiveCfg = Debug|x64
		{865BA8B5-85DE-4133-B04D-3D044865C8DC}.Debug|x64.Build.0 = Debug|x64
		{865BA8B5-85DE-4133-B04D-3D044865C8DC}.Debug|x86.ActiveCfg = Debug|Win32
		{865BA8B5-85DE-4133-B04D-3D044865C8DC}.Debug|x86.Build.0 = Debug|Win32
		{865BA8B5-85DE-4133-B04D-3D044865C8DC}.Release|x64.ActiveCfg = Release|x64
		{865BA8B5-85DE-4133-B04D-3D044865C8DC}.Release|x64.Build.0 = Release|x64
		{865BA8B5-85DE-4133-B04D-3D044865C8DC}.Release|x86.ActiveCfg = Release|Win32
		{865BA8B5-85DE-4133-B04D-3D044865C8DC}.Release|x86.Build.0 = Release|Win32
		{CAECE0E3-B119-4316-8FE6-85BB33BDFB54}.Debug|x64.ActiveCfg = Debug|x64
		{CAECE0E3-B119-4316-8FE6-85BB33BDFB54}.Debug|x64.Build.0 = Debug|x64
		{CAECE0E3-B119-4316-8FE6-85BB33BDFB54}.Debug|x86.ActiveCfg = Debug|Win32
		{CAECE0E3-B119-4316-8FE6-85BB33BDFB54}.Debug|x86.Build.0 = Debug|Win32
		{CAECE0E3-B119-4316-8FE6-85BB33BDFB54}.Release|x64.ActiveCfg = Release|x64
		{CAECE0E3-B119-4316-8FE6-85BB33BDFB54}.Release|x64.Build.0 = Release|x64
		{CAECE0E3-B119-4316-8FE6-85BB33BDFB54}.Release|x86.ActiveCfg = Release|Win32
		{CAECE0E3-B119-4316-8FE6-85BB33BDFB54}.Release|x86.Build.0 = Release|Win32
		{AC01B58A-330C-453A-A607-98EDB37D25FF}.Debug|x64.ActiveCfg = Debug|x64
		{AC01B58A-330C-453A-A607-98EDB37D25FF}.Debug|x64.Build.0 = Debug|x64
		{AC01B58A-330C-453A-A607-98EDB37D25FF}.Debug|x86.ActiveCfg = Debug|Win32
		{AC01B58A-330C-453A-A607-98EDB37D25FF}.Debug|x86.Build.0 = Debug|Win32
		{AC01B58A-330C-453A-A607-98EDB37D25FF}.Release|x64.ActiveCfg = Release|x64
		{AC01B58A-330C-453A-A607-98EDB37D25FF}.Release|x64.Build.0 = Release|x64
		{AC01B58A-330C-453A-A607-98EDB37D25FF}.Release|x86.ActiveCfg = Release|Win32
		{AC01B58A-330C-453A-A607-98EDB37D25FF}.Release|x86.Build.0 = Release|Win32
		{B7DFFF2C-E6CA-4A19-AF9B-64EE94B9A82E}.Debug|x64.ActiveCfg = Debug|x64
		{B7DFFF2C-E6CA-4A19-AF9B-64EE94B9A82E}.Debug|x64.Build.0 = Debug|x64
		{B7DFFF2C-E6CA-4A19-AF9B-64EE94B9A82E}.Debug|x86.ActiveCfg = Debug|Win32
		{B7DFFF2C-E6CA-4A19-AF9B-64EE94B9A82E}.Debug|x86.Build.0 = Debug|Win32
		{B7DFFF2C-E6CA-4A19-AF9B-64EE94B9A82E}.Release|x64.ActiveCfg = Release|x64
		{B7DFFF2C-E6CA-4A19-AF9B-64EE94B9A82E}.Release|x64.Build.0 = Release|x64
		{B7DFFF2C-E6CA-4A19-AF9B-64EE94B9A82E}.Release|x86.ActiveCfg = Release|Win32
		{B7DFFF2C-E6CA-4A19-AF9B-64EE94B9A82E}.Release|x86.Build.0 = Release|Win32
		{8B936981-DE4F-47AF-94C0-9629255F7B31}.Debug|x64.ActiveCfg = Debug|x64
		{8B936981-DE4F-47AF-94C0-9629255F7B31}.Debug|x64.Build.0 = Debug|x64
		{8B936981-DE4F-47AF-94C0-9629255F7B31}.Debug|x86.ActiveCfg = Debug|Win32
		{8B936981-DE4F-47AF-94C0-9629255F7B31}.Debug|x86.Build.0 = Debug|Win32
		{8B936981-DE4F-47AF-94C0-9629255F7B31}.Release|x64.ActiveCfg = Release|x64
		{8B936981-DE4F-47AF-94C0-9629255F7B31}.Release|x64.Build.0 = Release|x64
		{8B936981-DE4F-47AF-94C0-9629255F7B31}.Release|x86.ActiveCfg = Release|Win32
		{8B936981-DE4F-47AF-94C0-9629255F7B31}.Release|x86.Build.0 = Release|Win32
		{EFFB003B-7FD4-4BC9-B5E5-A8BDE6E5088D}.Debug|x64.ActiveCfg = Debug|x64
		{EFFB003B-7FD4-4BC9-B5E5-A8BDE6E5088D}.Debug|x64.Build.0 = Debug|x64
		{EFFB003B-7FD4-4BC9-B5E5-A8BDE6E5088D}.Debug|x86.ActiveCfg = Debug|Win32
		{EFFB003B-7FD4-4BC9-B5E5-A8BDE6E5088D}.Debug|x86.Build.0 = Debug|Win32
		{EFFB003B-7FD4-4BC9-B5E5-A8BDE6E5088D}.Release|x64.ActiveCfg = Release|x64
		{EFFB003B-7FD4-4BC9-B5E5-A8BDE6E5088D}.Release|x64.Build.0 = Release|x64
		{EFFB003B-7FD4-4BC9-B5E5-A8BDE6E5088D}.Release|x86.ActiveCfg = Release|Win32
		{EFFB003B-7FD4-4BC9-B5E5-A8BDE6E5088D}.Release|x86.Build.0 = Release|Win32
		{00C59BB8-D184-4359-AC99-9BBDEC493435}.Debug|x64.ActiveCfg = Debug|x64
		{00C59BB8-D184-4359-AC99-9BBDEC493435}.Debug|x64.Build.0 = Debug|x64
		{00C59BB8-D184-4359-AC99-9BBDEC493435}.Debug|x86.ActiveCfg = Debug|Win32
		{00C59BB8-D184-4359-AC99-9BBDEC493435}.Debug|x86.Build.0 = Debug|Win32
		{00C59BB8-D184-4359-AC99-9BBDEC493435}.Release|x64.ActiveCfg = Release|x64
		{00C59BB8-D184-4359-AC99-9BBDEC493435}.Release|x64.Build.0 = Release|x64
		{00C59BB8-D184-4359-AC99-9BBDEC493435}.Release|x86.ActiveCfg = Release|Win32
		{00C59BB8-D184-4359-AC99-9BBDEC493435}.Release|x86.Build.0 = Release|Win32
		{A12567A1-55D9-4C36-B47D-38F4E451D2CE}.Debug|x64.ActiveCfg = Debug|x64
		{A12567A1-55D9-4C36-B47D-38F4E451D2CE}.Debug|x64.Build.0 = Debug|x64
		{A12567A1-55D9-4C36-B47D-38F4E451D2CE}.Debug|x86.ActiveCfg = Debug|Win32
		{A12567A1-55D9-4C36-B47D-38F4E451D2CE}.Debug|x86.Build.0 = Debug|Win32
		{A12567A1-55D9-4C36-B47D-38F4E451D2CE}.Release|x64.ActiveCfg = Release|x64
		{A12567A1-55D9-4C36-B47D-38F4E451D2CE}.Release|x64.Build.0 = Release|x64
		{A12567A1-55D9-4C36-B47D-38F4E451D2CE}.Release|x86.ActiveCfg = Release|Win32
		{A12567A1-55D9-4C36-B47D-38F4E451D2CE}.Release|x86.Build.0 = Release|Win32
		{94AE14D5-42E5-495A-A5F7-1BCB36DF3029}.Debug|x64.ActiveCfg = Debug|x64
		{94AE14D5-42E5-495A-A5F7-1BCB36DF3029}.Debug|x64.Build.0 = Debug|x64
		{94AE14D5-42E5-495A-A5F7-1BCB36DF3029}.Debug|x86.ActiveCfg = Debug|Win32
		{94AE14D5-42E5-495A-A5F7-1BCB36DF3029}.Debug|x86.Build.0 = Debug|Win32
		{94AE14D5-42E5-495A-A5F7-1BCB36DF3029}.Release|x64.ActiveCfg = Release|x64
		{94AE14D5-42E5-495A-A5F7-1BCB36DF3029}.Release|x64.Build.0 = Release|x64
		{94AE14D5-42E5-495A-A5F7-1BCB36DF3029}.Release|x86.ActiveCfg = Release|Win32
		{94AE14D5-42E5-495A-A5F7-1BCB36DF3029}.Release|x86.Build.0 = Release|Win32
		{0E287B86-440F-4374-AD02-DF5A023FCA87}.Debug|x64.ActiveCfg = Debug|x64
		{0E287B86-440F-4374-AD02-DF5A023FCA87}.Debug|x64.Build.0 = Debug|x64
		{0E287B86-440F-4374-AD02-DF5A023FCA87}.Debug|x86.ActiveCfg = Debug|Win32
		{0E287B86-440F-4374-AD02-DF5A023FCA87}.Debug|x86.Build.0 = Debug|Win32
		{0E287B86-440F-4374-AD02-DF5A023FCA87}.Release|x64.ActiveCfg = Release|x64
		{0E287B86-440F-4374-AD02-DF5A023FCA87}.Release|x64.Build.0 = Release|x64
		{0E287B86-440F-4374-AD02-DF5A023FCA87}.Release|x86.ActiveCfg = Release|Win32
		{0E287B86-440F-4374-AD02-DF5A023FCA87}.Release|x86.Build.0 = Release|Win32
		{E566BE4E-9B55-4784-924C-EE2606EE559D}.Debug|x64.ActiveCfg = Debug|x64
		{E566BE4E-9B55-4784-924C-EE2606EE559D}.Debug|x64.Build.0 = Debug|x64
		{E566BE4E-9B55-4784-924C-EE2606EE559D}.Debug|x86.ActiveCfg = Debug|Win32
		{E566BE4E-9B55-4784-924C-EE2606EE559D}.Debug|x86.Build.0 = Debug|Win32
		{E566BE4E-9B55-4784-924C-EE2606EE559D}.Release|x64.ActiveCfg = Release|x64
		{E566BE4E-9B55-4784-924C-EE2606EE559D}.Release|x64.Build.0 = Release|x64
		{E566BE4E-9B55-4784-924C-EE2606EE559D}.Release|x86.ActiveCfg = Release|Win32
		{E566BE4E-9B55-4784-924C-EE2606EE559D}.Release|x86.Build.0 = Release|Win32
		{FBC5B62C-90F2-4F43-A9E0-01128CE5CECE}.Debug|x64.ActiveCfg = Debug|x64
		{FBC5B62C-90F2-4F43-A9E0-01128CE5CECE}.Debug|x64.Build.0 = Debug|x64
		{FBC5B62C-90F2-4F43-A9E0-01128CE5CECE}.Debug|x86.ActiveCfg = Debug|Win32
		{FBC5B62C-90F2-4F43-A9E0-01128CE5CECE}.Debug|x86.Build.0 = Debug|Win32
		{FBC5B62C-90F2-4F43-A9E0-01128CE5CECE}.Release|x64.ActiveCfg = Release|x64
		{FBC5B62C-90F2-4F43-A9E0-01128CE5CECE}.Release|x64.Build.0 = Release|x64
		{FBC5B62C-90F2-4F43-A9E0-01128CE5CECE}.Release|x86.ActiveCfg = Release|Win32
		{FBC5B62C-90F2-4F43-A9E0-01128CE5CECE}.Release|x86.Build.0 = Release|Win32
		{2B57FD49-2BCE-4E31-8157-059BCD1A3CC3}.Debug|x64.ActiveCfg = Debug|x64
		{2B57FD49-2BCE-4E31-8157-059BCD1A3CC3}.Debug|x64.Build.0 = Debug|x64
		{2B57FD49-2BCE-4E31-8157-059BCD1A3CC3}.Debug|x86.ActiveCfg = Debug|Win32
		{2B57FD49-2BCE-4E31-8157-059BCD1A3CC3}.Debug|x86.Build.0 = Debug|Win32
		{2B57FD49-2BCE-4E31-8157-059BCD1A3CC3}.Release|x64.ActiveCfg = Release|x64
		{2B57FD49-2BCE-4E31-8157-059BCD1A3CC3}.Release|x64.Build.0 = Release|x64
		{2B57FD49-2BCE-4E31-8157-059BCD1A3CC3}.Release|x86.ActiveCfg = Release|Win32
		{2B57FD49-2BCE-4E31-8157-059BCD1A3CC3}.Release|x86.Build.0 = Release|Win32
		{5040DA30-0D23-452F-A219-63286A798F06}.Debug|x64.ActiveCfg = Debug|x64
		{5040DA30-0D23-452F-A219-63286A798F06}.Debug|x64.Build.0 = Debug|x64
		{5040DA30-0D23-452F-A219-63286A798F06}.Debug|x86.ActiveCfg = Debug|Win32
		{5040DA30-0D23-452F-A219-63286A798F06}.Debug|x86.Build.0 = Debug|Win32
		{5040DA30-0D23-452F-A219-63286A798F06}.Release|x64.ActiveCfg = Release|x64
		{5040DA30-0D23-452F-A219-63286A798F06}.Release|x64.Build.0 = Release|x64
		{5040DA30-0D23-452F-A219-63286A798F06}.Release|x86.ActiveCfg = Release|Win32
		{5040DA30-0D23-452F-A219-63286A798F06}.Release|x86.Build.0 = Release|Win32
		{09B33B22-B839-4044-896C-A36597091F74}.Debug|x64.ActiveCfg = Debug|x64
		{09B33B22-B839-4044-896C-A36597091F74}.Debug|x64.Build.0 = Debug|x64
		{09B33B22-B839-4044-896C-A36597091F74}.Debug|x86.ActiveCfg = Debug|Win32
		{09B33B22-B839-4044-896C-A36597091F74}.Debug|x86.Build.0 = Debug|Win32
		{09B33B22-B839-4044-896C-A36597091F74}.Release|x64.ActiveCfg = Release|x64
		{09B33B22-B839-4044-896C-A36597091F74}.Release|x64.Build.0 = Release|x64
		{09B33B22-B839-4044-896C-A36597091F74}.Release|x86.ActiveCfg = Release|Win32
		{09B33B22-B839-4044-896C-A36597091F74}.Release|x86.Build.0 = Release|Win32
		{A78267B8-1A3D-4C6E-AD20-E9B3AB9F43F6}.Debug|x64.ActiveCfg = Debug|x64
		{A78267B8-1A3D-4C6E-AD20-E9B3AB9F43F6}.Debug|x64.Build.0 = Debug|x64
		{A78267B8-1A3D-4C6E-AD20-E9B3AB9F43F6}.Debug|x86.ActiveCfg = Debug|Win32
		{A78267B8-1A3D-4C6E-AD20-E9B3AB9F43F6}.Debug|x86.Build.0 = Debug|Win32
		{A78267B8-1A3D-4C6E-AD20-E9B3AB9F43F6}.Release|x64.ActiveCfg = Release|x64
		{A78267B8-1A3D-4C6E-AD20-E9B3AB9F43F6}.Release|x64.Build.0 = Release|x64
		{A78267B8-1A3D-4C6E-AD20-E9B3AB9F43F6}.Release|x86.ActiveCfg = Release|Win32
		{A78267B8-1A3D-4C6E-AD20-E9B3AB9F43F6}.Release|x86.Build.0 = Release|Win32
	EndGlobalSection
	GlobalSection(SolutionProperties) = preSolution
		HideSolutionNode = FALSE
	EndGlobalSection
	GlobalSection(NestedProjects) = preSolution
		{FA43ACBF-8FF1-4B3A-AB62-4E38122A3422} = {FED6D691-C932-47CF-9CD0-8F73EE8CEC10}
		{0ABB4E92-B19E-4E0A-9982-B4E3FB251712} = {FED6D691-C932-47CF-9CD0-8F73EE8CEC10}
		{F236FACC-356C-4332-9A81-5D497BA7AD0B} = {81FB6298-628F-4A80-AC47-76703F21F59E}
		{FE755D26-A030-42F0-A9D8-E3C7609462D2} = {FED6D691-C932-47CF-9CD0-8F73EE8CEC10}
		{E6BA2FF6-8BD7-4711-95CA-63E1563785C4} = {FED6D691-C932-47CF-9CD0-8F73EE8CEC10}
		{FF1F1DC2-D06C-4183-9001-71925398D5DB} = {FED6D691-C932-47CF-9CD0-8F73EE8CEC10}
		{AF9C38D2-177F-4BF3-897E-122A187765F9} = {FED6D691-C932-47CF-9CD0-8F73EE8CEC10}
		{262796C5-09BF-401E-888D-302B70B07F6D} = {FED6D691-C932-47CF-9CD0-8F73EE8CEC10}
		{DFE40240-83A3-4B65-A6CF-3AE82F9E6BAA} = {81FB6298-628F-4A80-AC47-76703F21F59E}
		{F95C485E-53B2-4B4D-801A-B8E86BC12BF2} = {81FB6298-628F-4A80-AC47-76703F21F59E}
		{20711BFE-6B83-4F15-9BAD-A025531D304E} = {81FB6298-628F-4A80-AC47-76703F21F59E}
		{09C3D605-708E-470C-95B5-DD48106423A1} = {81FB6298-628F-4A80-AC47-76703F21F59E}
		{5A717D0F-24C2-4C77-B31A-960096C35EF2} = {81FB6298-628F-4A80-AC47-76703F21F59E}
		{B04812F2-3198-4670-B63E-FF69F5EB8726} = {81FB6298-628F-4A80-AC47-76703F21F59E}
		{6ECDFB56-28AB-4A51-9BB3-52BE2068CA28} = {109F4E92-3E77-40B3-AD4F-31DCFE1B65D6}
		{2E9FE05B-3B67-4AE3-876D-9A84F46E5B98} = {109F4E92-3E77-40B3-AD4F-31DCFE1B65D6}
		{938A1590-CE9B-46E6-A49C-29FA6A17556F} = {109F4E92-3E77-40B3-AD4F-31DCFE1B65D6}
		{A6DCCF42-9541-4C54-928C-4A417BB7E9E4} = {109F4E92-3E77-40B3-AD4F-31DCFE1B65D6}
		{E51295AD-34E1-455A-A0A7-88E103498101} = {109F4E92-3E77-40B3-AD4F-31DCFE1B65D6}
		{8198E2D2-ECB4-498B-9FD6-D73EAE172829} = {D2FE0EB7-4744-4A1C-A321-0DD23E66E4B7}
		{421C84F1-60F4-4838-9579-C72016F75850} = {109F4E92-3E77-40B3-AD4F-31DCFE1B65D6}
		{58F03D3D-D05C-4A88-A808-8E6C8F3BFE3E} = {109F4E92-3E77-40B3-AD4F-31DCFE1B65D6}
		{500B58CF-0452-42D0-9D04-7786719F8B64} = {109F4E92-3E77-40B3-AD4F-31DCFE1B65D6}
		{8879EB22-186A-4921-82DF-F492C19FBCC8} = {109F4E92-3E77-40B3-AD4F-31DCFE1B65D6}
		{C6DEBB41-ADE0-4925-8DCB-EBC3411CBDA6} = {109F4E92-3E77-40B3-AD4F-31DCFE1B65D6}
		{6AD0AAC9-9310-46EC-A3BC-761478479B1F} = {109F4E92-3E77-40B3-AD4F-31DCFE1B65D6}
		{F08681BE-8B55-414D-AE61-B2C62B5B1979} = {109F4E92-3E77-40B3-AD4F-31DCFE1B65D6}
		{9782B449-9AB0-451F-862E-8FA2121E8C3D} = {109F4E92-3E77-40B3-AD4F-31DCFE1B65D6}
		{23D58563-6292-4376-BC12-38A0E4B7BE25} = {C5B139F9-7C55-4A70-98BA-3AE5E1C15D7F}
		{9E34FE3A-5DAE-4428-BA9F-48A7743B9847} = {C5B139F9-7C55-4A70-98BA-3AE5E1C15D7F}
		{818A08D8-9D95-4D90-B057-6A51FFE2DD5A} = {C5B139F9-7C55-4A70-98BA-3AE5E1C15D7F}
		{3A25C0BC-5577-49A0-BB8A-0C83BAB806B8} = {C5B139F9-7C55-4A70-98BA-3AE5E1C15D7F}
		{B70D0597-F55B-42C6-9E0D-19D744189905} = {C5B139F9-7C55-4A70-98BA-3AE5E1C15D7F}
		{7D93106C-DDF3-4895-A01A-221AF2E7CA1E} = {C5B139F9-7C55-4A70-98BA-3AE5E1C15D7F}
		{5944B588-0426-439A-8107-8D3367F140B2} = {C5B139F9-7C55-4A70-98BA-3AE5E1C15D7F}
		{FEDB4F1A-661E-4FEA-920F-896FD26DD340} = {C5B139F9-7C55-4A70-98BA-3AE5E1C15D7F}
		{D24AAA28-B0CE-431C-BFC4-107625601DC8} = {BC0F9679-4793-4E60-B499-75C797E9AB99}
		{BF010D0B-CB26-46DD-87A3-2D75B64D0B35} = {BC0F9679-4793-4E60-B499-75C797E9AB99}
		{B2647A06-2D4E-4B6A-AF85-06003D00C09F} = {BC0F9679-4793-4E60-B499-75C797E9AB99}
		{8C2E389E-2D78-4FC0-A9BA-CCA8573695CF} = {BC0F9679-4793-4E60-B499-75C797E9AB99}
		{96934F33-9C7C-4408-B04A-3DF56F38870C} = {BC0F9679-4793-4E60-B499-75C797E9AB99}
		{4BAB24DE-990D-44CB-8867-B96B844E3CFD} = {D2FE0EB7-4744-4A1C-A321-0DD23E66E4B7}
		{13A78787-2515-4D1F-AD50-2D257D99AF4A} = {BC0F9679-4793-4E60-B499-75C797E9AB99}
		{47CEABF2-5EE9-4221-A6D0-7B23B229EC2E} = {BC0F9679-4793-4E60-B499-75C797E9AB99}
		{87125107-551F-446F-8FA4-FD2892F66853} = {BC0F9679-4793-4E60-B499-75C797E9AB99}
		{51DD38DC-2C6A-4E64-8019-00763EC76527} = {BC0F9679-4793-4E60-B499-75C797E9AB99}
		{822175E8-63CC-4A4D-8407-E90605B13D3A} = {BC0F9679-4793-4E60-B499-75C797E9AB99}
		{85943C49-1215-4BC6-B590-BC28BB951DEF} = {C4BCEE34-1845-4161-955A-1F7F1483B8C7}
		{DA360755-E207-4C54-A0BE-47F14621B96C} = {C4BCEE34-1845-4161-955A-1F7F1483B8C7}
		{620066E7-2597-4B03-96ED-25268013BDAD} = {C4BCEE34-1845-4161-955A-1F7F1483B8C7}
		{CB016EB0-68C0-49F4-BB70-B3C4EE1E2A02} = {D2FE0EB7-4744-4A1C-A321-0DD23E66E4B7}
		{ED32E356-9A70-481E-912B-86F2FBD7BD8A} = {C4BCEE34-1845-4161-955A-1F7F1483B8C7}
		{36BBDAB3-09E0-4B67-98F9-39C357002931} = {C4BCEE34-1845-4161-955A-1F7F1483B8C7}
		{6B834793-D149-4FB0-83ED-D4F56A31F965} = {C4BCEE34-1845-4161-955A-1F7F1483B8C7}
		{0DAF0BC9-10D2-465B-9F82-A7AE6EE92E7B} = {C4BCEE34-1845-4161-955A-1F7F1483B8C7}
		{504A255F-206D-43C9-9A6C-4C517547E7A5} = {C4BCEE34-1845-4161-955A-1F7F1483B8C7}
		{3ED0EBA1-7D96-4488-9EFB-11747030A448} = {C4BCEE34-1845-4161-955A-1F7F1483B8C7}
		{74CBC408-569F-4077-B903-868C87D11279} = {C4BCEE34-1845-4161-955A-1F7F1483B8C7}
		{56B87488-2BBF-4D3D-9A7D-6A5141ADCEF8} = {75984CF0-8FA1-4CF7-B359-B06C6407EA9D}
		{2C74A38A-FE61-4665-888C-70CBAF02BF2E} = {75984CF0-8FA1-4CF7-B359-B06C6407EA9D}
		{A0FF179E-7AE0-4FDE-9E70-6A8FC6627F97} = {75984CF0-8FA1-4CF7-B359-B06C6407EA9D}
		{ABB7ABAD-F349-4330-B24B-7FC9DF2112A6} = {75984CF0-8FA1-4CF7-B359-B06C6407EA9D}
		{22510D5A-B319-4183-A8CA-6671DADD35C0} = {D2FE0EB7-4744-4A1C-A321-0DD23E66E4B7}
		{B428AA6F-5C5D-4605-A8A7-1A3125F8C55D} = {75984CF0-8FA1-4CF7-B359-B06C6407EA9D}
		{624A753F-BE9F-4CA8-9E7E-D6A5E7A027C7} = {75984CF0-8FA1-4CF7-B359-B06C6407EA9D}
		{865A1ADA-9996-401B-9F94-67F4D8D2D5D3} = {BD637E3B-FDAD-4811-8E0F-5130E095A83D}
		{E23519BC-BBED-4E46-8693-976CE0C9B837} = {BD637E3B-FDAD-4811-8E0F-5130E095A83D}
		{D560B9C8-65FF-458B-8745-FBA776F23743} = {BD637E3B-FDAD-4811-8E0F-5130E095A83D}
		{CE3402E8-8B19-47B5-81C0-4D841356AC2B} = {BD637E3B-FDAD-4811-8E0F-5130E095A83D}
		{CBD283F7-B643-4B25-9CBA-EFCB28879855} = {BD637E3B-FDAD-4811-8E0F-5130E095A83D}
		{A750E955-AE6A-4CFB-A65D-A3AFF6719C74} = {BD637E3B-FDAD-4811-8E0F-5130E095A83D}
		{66686188-9DBA-4BF4-81A3-AA7213E8939E} = {BD637E3B-FDAD-4811-8E0F-5130E095A83D}
		{86686892-64BA-4B3E-8F91-D76B68F5BA9F} = {BD637E3B-FDAD-4811-8E0F-5130E095A83D}
		{3A5E8949-1EA2-4C4B-BE12-83A9AC0B04EC} = {BD637E3B-FDAD-4811-8E0F-5130E095A83D}
		{9139E4E3-F284-4692-A85A-F1C56573D90D} = {3070D22C-16FC-48B1-97DD-60129EC5D793}
		{0DC9167C-7912-43F0-A018-F68ACF54B383} = {3070D22C-16FC-48B1-97DD-60129EC5D793}
		{5E67C5D6-D6B7-4D58-BC00-079D896B9FE2} = {3070D22C-16FC-48B1-97DD-60129EC5D793}
		{3EE83DC1-B1D0-4DB6-9558-9C672731CDB0} = {3070D22C-16FC-48B1-97DD-60129EC5D793}
		{17D78C81-BD09-4453-AC4A-B9E6B9B0E6EC} = {3070D22C-16FC-48B1-97DD-60129EC5D793}
		{2E47B7A8-2929-4CAD-9072-51FF1FABD623} = {3070D22C-16FC-48B1-97DD-60129EC5D793}
		{FBFCDFE0-8F5A-458B-AAB7-937E8F1B2ADD} = {3070D22C-16FC-48B1-97DD-60129EC5D793}
		{865BA8B5-85DE-4133-B04D-3D044865C8DC} = {3070D22C-16FC-48B1-97DD-60129EC5D793}
		{CAECE0E3-B119-4316-8FE6-85BB33BDFB54} = {3070D22C-16FC-48B1-97DD-60129EC5D793}
		{AC01B58A-330C-453A-A607-98EDB37D25FF} = {3070D22C-16FC-48B1-97DD-60129EC5D793}
		{B7DFFF2C-E6CA-4A19-AF9B-64EE94B9A82E} = {3070D22C-16FC-48B1-97DD-60129EC5D793}
		{8B936981-DE4F-47AF-94C0-9629255F7B31} = {3070D22C-16FC-48B1-97DD-60129EC5D793}
		{EFFB003B-7FD4-4BC9-B5E5-A8BDE6E5088D} = {3070D22C-16FC-48B1-97DD-60129EC5D793}
		{00C59BB8-D184-4359-AC99-9BBDEC493435} = {3070D22C-16FC-48B1-97DD-60129EC5D793}
		{A12567A1-55D9-4C36-B47D-38F4E451D2CE} = {3070D22C-16FC-48B1-97DD-60129EC5D793}
		{94AE14D5-42E5-495A-A5F7-1BCB36DF3029} = {3070D22C-16FC-48B1-97DD-60129EC5D793}
		{0E287B86-440F-4374-AD02-DF5A023FCA87} = {3070D22C-16FC-48B1-97DD-60129EC5D793}
		{15467F52-1FA6-4ED5-A37E-366881810EB2} = {D2FE0EB7-4744-4A1C-A321-0DD23E66E4B7}
		{E566BE4E-9B55-4784-924C-EE2606EE559D} = {02EA681E-C7D8-13C7-8484-4AC65E1B71E8}
		{02EA681E-C7D8-13C7-8484-4AC65E1B71E8} = {4A181E74-DDB5-43B1-A139-23C727CB0703}
		{8B92B91A-8A23-4E0A-A127-09F34686E7EE} = {4A181E74-DDB5-43B1-A139-23C727CB0703}
		{FBC5B62C-90F2-4F43-A9E0-01128CE5CECE} = {02EA681E-C7D8-13C7-8484-4AC65E1B71E8}
		{2B57FD49-2BCE-4E31-8157-059BCD1A3CC3} = {02EA681E-C7D8-13C7-8484-4AC65E1B71E8}
		{5040DA30-0D23-452F-A219-63286A798F06} = {8B92B91A-8A23-4E0A-A127-09F34686E7EE}
		{09B33B22-B839-4044-896C-A36597091F74} = {8B92B91A-8A23-4E0A-A127-09F34686E7EE}
		{A78267B8-1A3D-4C6E-AD20-E9B3AB9F43F6} = {8B92B91A-8A23-4E0A-A127-09F34686E7EE}
	EndGlobalSection
	GlobalSection(ExtensibilityGlobals) = postSolution
		SolutionGuid = {71926007-8EB4-4B4D-A783-AA5272928E85}
	EndGlobalSection
EndGlobal
